// !$*UTF8*$!
{
	archiveVersion = 1;
	classes = {
	};
	objectVersion = 46;
	objects = {

/* Begin PBXBuildFile section */
		7514F52F1927F82200A6C3CE /* EventKit.framework in Frameworks */ = {isa = PBXBuildFile; fileRef = 7514F52E1927F82200A6C3CE /* EventKit.framework */; };
		7546F68A19281F0500BFEF41 /* Banner.png in Resources */ = {isa = PBXBuildFile; fileRef = 7546F68419281F0500BFEF41 /* Banner.png */; };
		7546F68B19281F0500BFEF41 /* butterfly.png in Resources */ = {isa = PBXBuildFile; fileRef = 7546F68519281F0500BFEF41 /* butterfly.png */; };
		7546F68C19281F0500BFEF41 /* family_hug.jpg in Resources */ = {isa = PBXBuildFile; fileRef = 7546F68619281F0500BFEF41 /* family_hug.jpg */; };
		7546F68D19281F0500BFEF41 /* Family_Place_Project.png in Resources */ = {isa = PBXBuildFile; fileRef = 7546F68719281F0500BFEF41 /* Family_Place_Project.png */; };
		7546F68E19281F0500BFEF41 /* Gift_Home.png in Resources */ = {isa = PBXBuildFile; fileRef = 7546F68819281F0500BFEF41 /* Gift_Home.png */; };
		7546F68F19281F0500BFEF41 /* I_Am_One_Event.png in Resources */ = {isa = PBXBuildFile; fileRef = 7546F68919281F0500BFEF41 /* I_Am_One_Event.png */; };
		7546F69719281F5200BFEF41 /* aboutUs.html in Resources */ = {isa = PBXBuildFile; fileRef = 7546F69019281F5200BFEF41 /* aboutUs.html */; };
		7546F69819281F5200BFEF41 /* FITSecondViewController.m in Sources */ = {isa = PBXBuildFile; fileRef = 7546F69219281F5200BFEF41 /* FITSecondViewController.m */; };
		7546F69919281F5200BFEF41 /* FITVolunteerViewController.m in Sources */ = {isa = PBXBuildFile; fileRef = 7546F69419281F5200BFEF41 /* FITVolunteerViewController.m */; };
		7546F69A19281F5200BFEF41 /* style.css in Resources */ = {isa = PBXBuildFile; fileRef = 7546F69519281F5200BFEF41 /* style.css */; };
		7546F69B19281F5200BFEF41 /* volunteer.html in Resources */ = {isa = PBXBuildFile; fileRef = 7546F69619281F5200BFEF41 /* volunteer.html */; };
		75AFFB5B19283FF200A2B690 /* Background_Tile.png in Resources */ = {isa = PBXBuildFile; fileRef = 75AFFB5A19283FF200A2B690 /* Background_Tile.png */; };
		75AFFB5F1928556C00A2B690 /* pushpin.png in Resources */ = {isa = PBXBuildFile; fileRef = 75AFFB5E1928556C00A2B690 /* pushpin.png */; };
		75AFFB6219285AAF00A2B690 /* pushpin.png in Resources */ = {isa = PBXBuildFile; fileRef = 75AFFB6119285AAF00A2B690 /* pushpin.png */; };
		75AFFB6419285C0200A2B690 /* hands.png in Resources */ = {isa = PBXBuildFile; fileRef = 75AFFB6319285C0200A2B690 /* hands.png */; };
		75AFFB6619285E8900A2B690 /* hand-heart.png in Resources */ = {isa = PBXBuildFile; fileRef = 75AFFB6519285E8900A2B690 /* hand-heart.png */; };
		75AFFB6A1928613D00A2B690 /* Hand.png in Resources */ = {isa = PBXBuildFile; fileRef = 75AFFB691928613D00A2B690 /* Hand.png */; };
		75AFFB6C1928634E00A2B690 /* pushpinTHISONE.png in Resources */ = {isa = PBXBuildFile; fileRef = 75AFFB6B1928634E00A2B690 /* pushpinTHISONE.png */; };
		75AFFB70192867D100A2B690 /* Ecommerce-Gift.png in Resources */ = {isa = PBXBuildFile; fileRef = 75AFFB6F192867D100A2B690 /* Ecommerce-Gift.png */; };
		75AFFB7419286A2000A2B690 /* info-2-5ME.png in Resources */ = {isa = PBXBuildFile; fileRef = 75AFFB7319286A2000A2B690 /* info-2-5ME.png */; };
		75AFFB811928764300A2B690 /* FITCategory.m in Sources */ = {isa = PBXBuildFile; fileRef = 75AFFB761928764300A2B690 /* FITCategory.m */; };
		75AFFB821928764300A2B690 /* FITDonationItemModel.m in Sources */ = {isa = PBXBuildFile; fileRef = 75AFFB781928764300A2B690 /* FITDonationItemModel.m */; };
		75AFFB831928764300A2B690 /* FITGivingModel.m in Sources */ = {isa = PBXBuildFile; fileRef = 75AFFB7A1928764300A2B690 /* FITGivingModel.m */; };
		75AFFB841928764300A2B690 /* FITGivingViewController.m in Sources */ = {isa = PBXBuildFile; fileRef = 75AFFB7C1928764300A2B690 /* FITGivingViewController.m */; };
		75AFFB851928764300A2B690 /* FITLocationModel.m in Sources */ = {isa = PBXBuildFile; fileRef = 75AFFB7E1928764300A2B690 /* FITLocationModel.m */; };
		75AFFB861928764300A2B690 /* PlaceAnnotation.m in Sources */ = {isa = PBXBuildFile; fileRef = 75AFFB801928764300A2B690 /* PlaceAnnotation.m */; };
		75AFFB881928A27500A2B690 /* frontpagelogo.png in Resources */ = {isa = PBXBuildFile; fileRef = 75AFFB871928A27500A2B690 /* frontpagelogo.png */; };
		75AFFB8A1928A76400A2B690 /* smallest.png in Resources */ = {isa = PBXBuildFile; fileRef = 75AFFB891928A76400A2B690 /* smallest.png */; };
		75AFFB8C1928A76C00A2B690 /* medium.png in Resources */ = {isa = PBXBuildFile; fileRef = 75AFFB8B1928A76C00A2B690 /* medium.png */; };
		75AFFB8E1928A77300A2B690 /* largest.png in Resources */ = {isa = PBXBuildFile; fileRef = 75AFFB8D1928A77300A2B690 /* largest.png */; };
		75AFFB901928A96F00A2B690 /* icon.png in Resources */ = {isa = PBXBuildFile; fileRef = 75AFFB8F1928A96F00A2B690 /* icon.png */; };
		75AFFB921928ABBC00A2B690 /* iosicon.png in Resources */ = {isa = PBXBuildFile; fileRef = 75AFFB911928ABBC00A2B690 /* iosicon.png */; };
		75B13D7A19292AA3008358B3 /* ThisLocation.png in Resources */ = {isa = PBXBuildFile; fileRef = 75B13D7919292AA3008358B3 /* ThisLocation.png */; };
		75EA547B1928C0D1001F3011 /* MapKit.framework in Frameworks */ = {isa = PBXBuildFile; fileRef = 75EA547A1928C0D1001F3011 /* MapKit.framework */; };
		75EA547D1928C0EF001F3011 /* CoreLocation.framework in Frameworks */ = {isa = PBXBuildFile; fileRef = 75EA547C1928C0EF001F3011 /* CoreLocation.framework */; };
		75EA54841928C633001F3011 /* FITLocateViewController.m in Sources */ = {isa = PBXBuildFile; fileRef = 75EA54831928C633001F3011 /* FITLocateViewController.m */; };
		75EA548A1928E28D001F3011 /* FITAnnonation.m in Sources */ = {isa = PBXBuildFile; fileRef = 75EA54891928E28D001F3011 /* FITAnnonation.m */; };
		75EA548D1928F291001F3011 /* FITLocationData.m in Sources */ = {isa = PBXBuildFile; fileRef = 75EA548C1928F291001F3011 /* FITLocationData.m */; };
		75EA54931929033C001F3011 /* give.html in Resources */ = {isa = PBXBuildFile; fileRef = 75EA54921929033C001F3011 /* give.html */; };
		9238F8121927DDE10020F176 /* Foundation.framework in Frameworks */ = {isa = PBXBuildFile; fileRef = 9238F8111927DDE10020F176 /* Foundation.framework */; };
		9238F8141927DDE10020F176 /* CoreGraphics.framework in Frameworks */ = {isa = PBXBuildFile; fileRef = 9238F8131927DDE10020F176 /* CoreGraphics.framework */; };
		9238F8161927DDE10020F176 /* UIKit.framework in Frameworks */ = {isa = PBXBuildFile; fileRef = 9238F8151927DDE10020F176 /* UIKit.framework */; };
		9238F81C1927DDE10020F176 /* InfoPlist.strings in Resources */ = {isa = PBXBuildFile; fileRef = 9238F81A1927DDE10020F176 /* InfoPlist.strings */; };
		9238F81E1927DDE10020F176 /* main.m in Sources */ = {isa = PBXBuildFile; fileRef = 9238F81D1927DDE10020F176 /* main.m */; };
		9238F8221927DDE10020F176 /* FITAppDelegate.m in Sources */ = {isa = PBXBuildFile; fileRef = 9238F8211927DDE10020F176 /* FITAppDelegate.m */; };
		9238F8251927DDE10020F176 /* Main.storyboard in Resources */ = {isa = PBXBuildFile; fileRef = 9238F8231927DDE10020F176 /* Main.storyboard */; };
		9238F8281927DDE10020F176 /* FITAboutViewController.m in Sources */ = {isa = PBXBuildFile; fileRef = 9238F8271927DDE10020F176 /* FITAboutViewController.m */; };
		9238F82D1927DDE10020F176 /* Images.xcassets in Resources */ = {isa = PBXBuildFile; fileRef = 9238F82C1927DDE10020F176 /* Images.xcassets */; };
		9238F8341927DDE10020F176 /* XCTest.framework in Frameworks */ = {isa = PBXBuildFile; fileRef = 9238F8331927DDE10020F176 /* XCTest.framework */; };
		9238F8351927DDE10020F176 /* Foundation.framework in Frameworks */ = {isa = PBXBuildFile; fileRef = 9238F8111927DDE10020F176 /* Foundation.framework */; };
		9238F8361927DDE10020F176 /* UIKit.framework in Frameworks */ = {isa = PBXBuildFile; fileRef = 9238F8151927DDE10020F176 /* UIKit.framework */; };
		9238F83E1927DDE10020F176 /* InfoPlist.strings in Resources */ = {isa = PBXBuildFile; fileRef = 9238F83C1927DDE10020F176 /* InfoPlist.strings */; };
		9238F8401927DDE10020F176 /* TakeTwoTests.m in Sources */ = {isa = PBXBuildFile; fileRef = 9238F83F1927DDE10020F176 /* TakeTwoTests.m */; };
		9238F86F1927E31F0020F176 /* JSONModel+CoreData.m in Sources */ = {isa = PBXBuildFile; fileRef = 9238F8551927E31F0020F176 /* JSONModel+CoreData.m */; };
		9238F8701927E31F0020F176 /* JSONModel.m in Sources */ = {isa = PBXBuildFile; fileRef = 9238F8571927E31F0020F176 /* JSONModel.m */; };
		9238F8711927E31F0020F176 /* JSONModelArray.m in Sources */ = {isa = PBXBuildFile; fileRef = 9238F8591927E31F0020F176 /* JSONModelArray.m */; };
		9238F8721927E31F0020F176 /* JSONModelClassProperty.m in Sources */ = {isa = PBXBuildFile; fileRef = 9238F85B1927E31F0020F176 /* JSONModelClassProperty.m */; };
		9238F8731927E31F0020F176 /* JSONModelError.m in Sources */ = {isa = PBXBuildFile; fileRef = 9238F85D1927E31F0020F176 /* JSONModelError.m */; };
		9238F8741927E31F0020F176 /* NSArray+JSONModel.m in Sources */ = {isa = PBXBuildFile; fileRef = 9238F8601927E31F0020F176 /* NSArray+JSONModel.m */; };
		9238F8751927E31F0020F176 /* JSONAPI.m in Sources */ = {isa = PBXBuildFile; fileRef = 9238F8641927E31F0020F176 /* JSONAPI.m */; };
		9238F8761927E31F0020F176 /* JSONHTTPClient.m in Sources */ = {isa = PBXBuildFile; fileRef = 9238F8661927E31F0020F176 /* JSONHTTPClient.m */; };
		9238F8771927E31F0020F176 /* JSONModel+networking.m in Sources */ = {isa = PBXBuildFile; fileRef = 9238F8681927E31F0020F176 /* JSONModel+networking.m */; };
		9238F8781927E31F0020F176 /* JSONKeyMapper.m in Sources */ = {isa = PBXBuildFile; fileRef = 9238F86B1927E31F0020F176 /* JSONKeyMapper.m */; };
		9238F8791927E31F0020F176 /* JSONValueTransformer.m in Sources */ = {isa = PBXBuildFile; fileRef = 9238F86D1927E31F0020F176 /* JSONValueTransformer.m */; };
		9238F87A1927E31F0020F176 /* LICENSE_jsonmodel.txt in Resources */ = {isa = PBXBuildFile; fileRef = 9238F86E1927E31F0020F176 /* LICENSE_jsonmodel.txt */; };
		9238F87E1927E5870020F176 /* FITGetInvolvedViewController.m in Sources */ = {isa = PBXBuildFile; fileRef = 9238F87D1927E5870020F176 /* FITGetInvolvedViewController.m */; };
		9238F8811927E62A0020F176 /* FITEventsViewController.m in Sources */ = {isa = PBXBuildFile; fileRef = 9238F8801927E62A0020F176 /* FITEventsViewController.m */; };
/* End PBXBuildFile section */

/* Begin PBXContainerItemProxy section */
		9238F8371927DDE10020F176 /* PBXContainerItemProxy */ = {
			isa = PBXContainerItemProxy;
			containerPortal = 9238F8061927DDE10020F176 /* Project object */;
			proxyType = 1;
			remoteGlobalIDString = 9238F80D1927DDE10020F176;
			remoteInfo = TakeTwo;
		};
/* End PBXContainerItemProxy section */

/* Begin PBXFileReference section */
		7514F52E1927F82200A6C3CE /* EventKit.framework */ = {isa = PBXFileReference; lastKnownFileType = wrapper.framework; name = EventKit.framework; path = System/Library/Frameworks/EventKit.framework; sourceTree = SDKROOT; };
		7546F68419281F0500BFEF41 /* Banner.png */ = {isa = PBXFileReference; lastKnownFileType = image.png; path = Banner.png; sourceTree = "<group>"; };
		7546F68519281F0500BFEF41 /* butterfly.png */ = {isa = PBXFileReference; lastKnownFileType = image.png; path = butterfly.png; sourceTree = "<group>"; };
		7546F68619281F0500BFEF41 /* family_hug.jpg */ = {isa = PBXFileReference; lastKnownFileType = image.jpeg; path = family_hug.jpg; sourceTree = "<group>"; };
		7546F68719281F0500BFEF41 /* Family_Place_Project.png */ = {isa = PBXFileReference; lastKnownFileType = image.png; path = Family_Place_Project.png; sourceTree = "<group>"; };
		7546F68819281F0500BFEF41 /* Gift_Home.png */ = {isa = PBXFileReference; lastKnownFileType = image.png; path = Gift_Home.png; sourceTree = "<group>"; };
		7546F68919281F0500BFEF41 /* I_Am_One_Event.png */ = {isa = PBXFileReference; lastKnownFileType = image.png; path = I_Am_One_Event.png; sourceTree = "<group>"; };
		7546F69019281F5200BFEF41 /* aboutUs.html */ = {isa = PBXFileReference; fileEncoding = 4; lastKnownFileType = text.html; path = aboutUs.html; sourceTree = "<group>"; };
		7546F69119281F5200BFEF41 /* FITSecondViewController.h */ = {isa = PBXFileReference; fileEncoding = 4; lastKnownFileType = sourcecode.c.h; path = FITSecondViewController.h; sourceTree = "<group>"; };
		7546F69219281F5200BFEF41 /* FITSecondViewController.m */ = {isa = PBXFileReference; fileEncoding = 4; lastKnownFileType = sourcecode.c.objc; path = FITSecondViewController.m; sourceTree = "<group>"; };
		7546F69419281F5200BFEF41 /* FITVolunteerViewController.m */ = {isa = PBXFileReference; fileEncoding = 4; lastKnownFileType = sourcecode.c.objc; path = FITVolunteerViewController.m; sourceTree = "<group>"; };
		7546F69519281F5200BFEF41 /* style.css */ = {isa = PBXFileReference; fileEncoding = 4; lastKnownFileType = text.css; path = style.css; sourceTree = "<group>"; };
		7546F69619281F5200BFEF41 /* volunteer.html */ = {isa = PBXFileReference; fileEncoding = 4; lastKnownFileType = text.html; path = volunteer.html; sourceTree = "<group>"; };
		75AFFB59192837AC00A2B690 /* FITVolunteerViewController.h */ = {isa = PBXFileReference; fileEncoding = 4; lastKnownFileType = sourcecode.c.h; path = FITVolunteerViewController.h; sourceTree = "<group>"; };
		75AFFB5A19283FF200A2B690 /* Background_Tile.png */ = {isa = PBXFileReference; lastKnownFileType = image.png; path = Background_Tile.png; sourceTree = "<group>"; };
		75AFFB5E1928556C00A2B690 /* pushpin.png */ = {isa = PBXFileReference; lastKnownFileType = image.png; name = pushpin.png; path = ../pushpin.png; sourceTree = "<group>"; };
		75AFFB60192859CF00A2B690 /* pushpinIcon.xcf */ = {isa = PBXFileReference; lastKnownFileType = file; path = pushpinIcon.xcf; sourceTree = "<group>"; };
		75AFFB6119285AAF00A2B690 /* pushpin.png */ = {isa = PBXFileReference; lastKnownFileType = image.png; path = pushpin.png; sourceTree = "<group>"; };
		75AFFB6319285C0200A2B690 /* hands.png */ = {isa = PBXFileReference; lastKnownFileType = image.png; path = hands.png; sourceTree = "<group>"; };
		75AFFB6519285E8900A2B690 /* hand-heart.png */ = {isa = PBXFileReference; lastKnownFileType = image.png; path = "hand-heart.png"; sourceTree = "<group>"; };
		75AFFB691928613D00A2B690 /* Hand.png */ = {isa = PBXFileReference; lastKnownFileType = image.png; path = Hand.png; sourceTree = "<group>"; };
		75AFFB6B1928634E00A2B690 /* pushpinTHISONE.png */ = {isa = PBXFileReference; lastKnownFileType = image.png; path = pushpinTHISONE.png; sourceTree = "<group>"; };
		75AFFB6F192867D100A2B690 /* Ecommerce-Gift.png */ = {isa = PBXFileReference; lastKnownFileType = image.png; path = "Ecommerce-Gift.png"; sourceTree = "<group>"; };
		75AFFB7319286A2000A2B690 /* info-2-5ME.png */ = {isa = PBXFileReference; lastKnownFileType = image.png; path = "info-2-5ME.png"; sourceTree = "<group>"; };
		75AFFB751928764300A2B690 /* FITCategory.h */ = {isa = PBXFileReference; fileEncoding = 4; lastKnownFileType = sourcecode.c.h; path = FITCategory.h; sourceTree = "<group>"; };
		75AFFB761928764300A2B690 /* FITCategory.m */ = {isa = PBXFileReference; fileEncoding = 4; lastKnownFileType = sourcecode.c.objc; path = FITCategory.m; sourceTree = "<group>"; };
		75AFFB771928764300A2B690 /* FITDonationItemModel.h */ = {isa = PBXFileReference; fileEncoding = 4; lastKnownFileType = sourcecode.c.h; path = FITDonationItemModel.h; sourceTree = "<group>"; };
		75AFFB781928764300A2B690 /* FITDonationItemModel.m */ = {isa = PBXFileReference; fileEncoding = 4; lastKnownFileType = sourcecode.c.objc; path = FITDonationItemModel.m; sourceTree = "<group>"; };
		75AFFB791928764300A2B690 /* FITGivingModel.h */ = {isa = PBXFileReference; fileEncoding = 4; lastKnownFileType = sourcecode.c.h; path = FITGivingModel.h; sourceTree = "<group>"; };
		75AFFB7A1928764300A2B690 /* FITGivingModel.m */ = {isa = PBXFileReference; fileEncoding = 4; lastKnownFileType = sourcecode.c.objc; path = FITGivingModel.m; sourceTree = "<group>"; };
		75AFFB7B1928764300A2B690 /* FITGivingViewController.h */ = {isa = PBXFileReference; fileEncoding = 4; lastKnownFileType = sourcecode.c.h; path = FITGivingViewController.h; sourceTree = "<group>"; };
		75AFFB7C1928764300A2B690 /* FITGivingViewController.m */ = {isa = PBXFileReference; fileEncoding = 4; lastKnownFileType = sourcecode.c.objc; path = FITGivingViewController.m; sourceTree = "<group>"; };
		75AFFB7D1928764300A2B690 /* FITLocationModel.h */ = {isa = PBXFileReference; fileEncoding = 4; lastKnownFileType = sourcecode.c.h; path = FITLocationModel.h; sourceTree = "<group>"; };
		75AFFB7E1928764300A2B690 /* FITLocationModel.m */ = {isa = PBXFileReference; fileEncoding = 4; lastKnownFileType = sourcecode.c.objc; path = FITLocationModel.m; sourceTree = "<group>"; };
		75AFFB7F1928764300A2B690 /* PlaceAnnotation.h */ = {isa = PBXFileReference; fileEncoding = 4; lastKnownFileType = sourcecode.c.h; path = PlaceAnnotation.h; sourceTree = "<group>"; };
		75AFFB801928764300A2B690 /* PlaceAnnotation.m */ = {isa = PBXFileReference; fileEncoding = 4; lastKnownFileType = sourcecode.c.objc; path = PlaceAnnotation.m; sourceTree = "<group>"; };
		75AFFB871928A27500A2B690 /* frontpagelogo.png */ = {isa = PBXFileReference; lastKnownFileType = image.png; path = frontpagelogo.png; sourceTree = "<group>"; };
		75AFFB891928A76400A2B690 /* smallest.png */ = {isa = PBXFileReference; lastKnownFileType = image.png; path = smallest.png; sourceTree = "<group>"; };
		75AFFB8B1928A76C00A2B690 /* medium.png */ = {isa = PBXFileReference; lastKnownFileType = image.png; path = medium.png; sourceTree = "<group>"; };
		75AFFB8D1928A77300A2B690 /* largest.png */ = {isa = PBXFileReference; lastKnownFileType = image.png; path = largest.png; sourceTree = "<group>"; };
		75AFFB8F1928A96F00A2B690 /* icon.png */ = {isa = PBXFileReference; lastKnownFileType = image.png; path = icon.png; sourceTree = "<group>"; };
		75AFFB911928ABBC00A2B690 /* iosicon.png */ = {isa = PBXFileReference; lastKnownFileType = image.png; path = iosicon.png; sourceTree = "<group>"; };
		75B13D7919292AA3008358B3 /* ThisLocation.png */ = {isa = PBXFileReference; lastKnownFileType = image.png; path = ThisLocation.png; sourceTree = "<group>"; };
		75EA547A1928C0D1001F3011 /* MapKit.framework */ = {isa = PBXFileReference; lastKnownFileType = wrapper.framework; name = MapKit.framework; path = System/Library/Frameworks/MapKit.framework; sourceTree = SDKROOT; };
		75EA547C1928C0EF001F3011 /* CoreLocation.framework */ = {isa = PBXFileReference; lastKnownFileType = wrapper.framework; name = CoreLocation.framework; path = System/Library/Frameworks/CoreLocation.framework; sourceTree = SDKROOT; };
		75EA54821928C633001F3011 /* FITLocateViewController.h */ = {isa = PBXFileReference; fileEncoding = 4; lastKnownFileType = sourcecode.c.h; path = FITLocateViewController.h; sourceTree = "<group>"; };
		75EA54831928C633001F3011 /* FITLocateViewController.m */ = {isa = PBXFileReference; fileEncoding = 4; lastKnownFileType = sourcecode.c.objc; path = FITLocateViewController.m; sourceTree = "<group>"; };
		75EA54881928E28D001F3011 /* FITAnnonation.h */ = {isa = PBXFileReference; fileEncoding = 4; lastKnownFileType = sourcecode.c.h; path = FITAnnonation.h; sourceTree = "<group>"; };
		75EA54891928E28D001F3011 /* FITAnnonation.m */ = {isa = PBXFileReference; fileEncoding = 4; lastKnownFileType = sourcecode.c.objc; path = FITAnnonation.m; sourceTree = "<group>"; };
		75EA548B1928F291001F3011 /* FITLocationData.h */ = {isa = PBXFileReference; fileEncoding = 4; lastKnownFileType = sourcecode.c.h; path = FITLocationData.h; sourceTree = "<group>"; };
		75EA548C1928F291001F3011 /* FITLocationData.m */ = {isa = PBXFileReference; fileEncoding = 4; lastKnownFileType = sourcecode.c.objc; path = FITLocationData.m; sourceTree = "<group>"; };
		75EA54921929033C001F3011 /* give.html */ = {isa = PBXFileReference; fileEncoding = 4; lastKnownFileType = text.html; name = give.html; path = ../../../../Desktop/give.html; sourceTree = "<group>"; };
		9238F80E1927DDE10020F176 /* TakeTwo.app */ = {isa = PBXFileReference; explicitFileType = wrapper.application; includeInIndex = 0; path = TakeTwo.app; sourceTree = BUILT_PRODUCTS_DIR; };
		9238F8111927DDE10020F176 /* Foundation.framework */ = {isa = PBXFileReference; lastKnownFileType = wrapper.framework; name = Foundation.framework; path = System/Library/Frameworks/Foundation.framework; sourceTree = SDKROOT; };
		9238F8131927DDE10020F176 /* CoreGraphics.framework */ = {isa = PBXFileReference; lastKnownFileType = wrapper.framework; name = CoreGraphics.framework; path = System/Library/Frameworks/CoreGraphics.framework; sourceTree = SDKROOT; };
		9238F8151927DDE10020F176 /* UIKit.framework */ = {isa = PBXFileReference; lastKnownFileType = wrapper.framework; name = UIKit.framework; path = System/Library/Frameworks/UIKit.framework; sourceTree = SDKROOT; };
		9238F8191927DDE10020F176 /* TakeTwo-Info.plist */ = {isa = PBXFileReference; lastKnownFileType = text.plist.xml; path = "TakeTwo-Info.plist"; sourceTree = "<group>"; };
		9238F81B1927DDE10020F176 /* en */ = {isa = PBXFileReference; lastKnownFileType = text.plist.strings; name = en; path = en.lproj/InfoPlist.strings; sourceTree = "<group>"; };
		9238F81D1927DDE10020F176 /* main.m */ = {isa = PBXFileReference; lastKnownFileType = sourcecode.c.objc; path = main.m; sourceTree = "<group>"; };
		9238F81F1927DDE10020F176 /* TakeTwo-Prefix.pch */ = {isa = PBXFileReference; lastKnownFileType = sourcecode.c.h; path = "TakeTwo-Prefix.pch"; sourceTree = "<group>"; };
		9238F8201927DDE10020F176 /* FITAppDelegate.h */ = {isa = PBXFileReference; lastKnownFileType = sourcecode.c.h; path = FITAppDelegate.h; sourceTree = "<group>"; };
		9238F8211927DDE10020F176 /* FITAppDelegate.m */ = {isa = PBXFileReference; lastKnownFileType = sourcecode.c.objc; path = FITAppDelegate.m; sourceTree = "<group>"; };
		9238F8241927DDE10020F176 /* Base */ = {isa = PBXFileReference; lastKnownFileType = file.storyboard; name = Base; path = Base.lproj/Main.storyboard; sourceTree = "<group>"; };
		9238F8261927DDE10020F176 /* FITAboutViewController.h */ = {isa = PBXFileReference; lastKnownFileType = sourcecode.c.h; path = FITAboutViewController.h; sourceTree = "<group>"; };
		9238F8271927DDE10020F176 /* FITAboutViewController.m */ = {isa = PBXFileReference; lastKnownFileType = sourcecode.c.objc; path = FITAboutViewController.m; sourceTree = "<group>"; };
		9238F82C1927DDE10020F176 /* Images.xcassets */ = {isa = PBXFileReference; lastKnownFileType = folder.assetcatalog; path = Images.xcassets; sourceTree = "<group>"; };
		9238F8321927DDE10020F176 /* TakeTwoTests.xctest */ = {isa = PBXFileReference; explicitFileType = wrapper.cfbundle; includeInIndex = 0; path = TakeTwoTests.xctest; sourceTree = BUILT_PRODUCTS_DIR; };
		9238F8331927DDE10020F176 /* XCTest.framework */ = {isa = PBXFileReference; lastKnownFileType = wrapper.framework; name = XCTest.framework; path = Library/Frameworks/XCTest.framework; sourceTree = DEVELOPER_DIR; };
		9238F83B1927DDE10020F176 /* TakeTwoTests-Info.plist */ = {isa = PBXFileReference; lastKnownFileType = text.plist.xml; path = "TakeTwoTests-Info.plist"; sourceTree = "<group>"; };
		9238F83D1927DDE10020F176 /* en */ = {isa = PBXFileReference; lastKnownFileType = text.plist.strings; name = en; path = en.lproj/InfoPlist.strings; sourceTree = "<group>"; };
		9238F83F1927DDE10020F176 /* TakeTwoTests.m */ = {isa = PBXFileReference; lastKnownFileType = sourcecode.c.objc; path = TakeTwoTests.m; sourceTree = "<group>"; };
		9238F8541927E31F0020F176 /* JSONModel+CoreData.h */ = {isa = PBXFileReference; fileEncoding = 4; lastKnownFileType = sourcecode.c.h; path = "JSONModel+CoreData.h"; sourceTree = "<group>"; };
		9238F8551927E31F0020F176 /* JSONModel+CoreData.m */ = {isa = PBXFileReference; fileEncoding = 4; lastKnownFileType = sourcecode.c.objc; path = "JSONModel+CoreData.m"; sourceTree = "<group>"; };
		9238F8561927E31F0020F176 /* JSONModel.h */ = {isa = PBXFileReference; fileEncoding = 4; lastKnownFileType = sourcecode.c.h; path = JSONModel.h; sourceTree = "<group>"; };
		9238F8571927E31F0020F176 /* JSONModel.m */ = {isa = PBXFileReference; fileEncoding = 4; lastKnownFileType = sourcecode.c.objc; path = JSONModel.m; sourceTree = "<group>"; };
		9238F8581927E31F0020F176 /* JSONModelArray.h */ = {isa = PBXFileReference; fileEncoding = 4; lastKnownFileType = sourcecode.c.h; path = JSONModelArray.h; sourceTree = "<group>"; };
		9238F8591927E31F0020F176 /* JSONModelArray.m */ = {isa = PBXFileReference; fileEncoding = 4; lastKnownFileType = sourcecode.c.objc; path = JSONModelArray.m; sourceTree = "<group>"; };
		9238F85A1927E31F0020F176 /* JSONModelClassProperty.h */ = {isa = PBXFileReference; fileEncoding = 4; lastKnownFileType = sourcecode.c.h; path = JSONModelClassProperty.h; sourceTree = "<group>"; };
		9238F85B1927E31F0020F176 /* JSONModelClassProperty.m */ = {isa = PBXFileReference; fileEncoding = 4; lastKnownFileType = sourcecode.c.objc; path = JSONModelClassProperty.m; sourceTree = "<group>"; };
		9238F85C1927E31F0020F176 /* JSONModelError.h */ = {isa = PBXFileReference; fileEncoding = 4; lastKnownFileType = sourcecode.c.h; path = JSONModelError.h; sourceTree = "<group>"; };
		9238F85D1927E31F0020F176 /* JSONModelError.m */ = {isa = PBXFileReference; fileEncoding = 4; lastKnownFileType = sourcecode.c.objc; path = JSONModelError.m; sourceTree = "<group>"; };
		9238F85F1927E31F0020F176 /* NSArray+JSONModel.h */ = {isa = PBXFileReference; fileEncoding = 4; lastKnownFileType = sourcecode.c.h; path = "NSArray+JSONModel.h"; sourceTree = "<group>"; };
		9238F8601927E31F0020F176 /* NSArray+JSONModel.m */ = {isa = PBXFileReference; fileEncoding = 4; lastKnownFileType = sourcecode.c.objc; path = "NSArray+JSONModel.m"; sourceTree = "<group>"; };
		9238F8611927E31F0020F176 /* JSONModelLib.h */ = {isa = PBXFileReference; fileEncoding = 4; lastKnownFileType = sourcecode.c.h; path = JSONModelLib.h; sourceTree = "<group>"; };
		9238F8631927E31F0020F176 /* JSONAPI.h */ = {isa = PBXFileReference; fileEncoding = 4; lastKnownFileType = sourcecode.c.h; path = JSONAPI.h; sourceTree = "<group>"; };
		9238F8641927E31F0020F176 /* JSONAPI.m */ = {isa = PBXFileReference; fileEncoding = 4; lastKnownFileType = sourcecode.c.objc; path = JSONAPI.m; sourceTree = "<group>"; };
		9238F8651927E31F0020F176 /* JSONHTTPClient.h */ = {isa = PBXFileReference; fileEncoding = 4; lastKnownFileType = sourcecode.c.h; path = JSONHTTPClient.h; sourceTree = "<group>"; };
		9238F8661927E31F0020F176 /* JSONHTTPClient.m */ = {isa = PBXFileReference; fileEncoding = 4; lastKnownFileType = sourcecode.c.objc; path = JSONHTTPClient.m; sourceTree = "<group>"; };
		9238F8671927E31F0020F176 /* JSONModel+networking.h */ = {isa = PBXFileReference; fileEncoding = 4; lastKnownFileType = sourcecode.c.h; path = "JSONModel+networking.h"; sourceTree = "<group>"; };
		9238F8681927E31F0020F176 /* JSONModel+networking.m */ = {isa = PBXFileReference; fileEncoding = 4; lastKnownFileType = sourcecode.c.objc; path = "JSONModel+networking.m"; sourceTree = "<group>"; };
		9238F86A1927E31F0020F176 /* JSONKeyMapper.h */ = {isa = PBXFileReference; fileEncoding = 4; lastKnownFileType = sourcecode.c.h; path = JSONKeyMapper.h; sourceTree = "<group>"; };
		9238F86B1927E31F0020F176 /* JSONKeyMapper.m */ = {isa = PBXFileReference; fileEncoding = 4; lastKnownFileType = sourcecode.c.objc; path = JSONKeyMapper.m; sourceTree = "<group>"; };
		9238F86C1927E31F0020F176 /* JSONValueTransformer.h */ = {isa = PBXFileReference; fileEncoding = 4; lastKnownFileType = sourcecode.c.h; path = JSONValueTransformer.h; sourceTree = "<group>"; };
		9238F86D1927E31F0020F176 /* JSONValueTransformer.m */ = {isa = PBXFileReference; fileEncoding = 4; lastKnownFileType = sourcecode.c.objc; path = JSONValueTransformer.m; sourceTree = "<group>"; };
		9238F86E1927E31F0020F176 /* LICENSE_jsonmodel.txt */ = {isa = PBXFileReference; fileEncoding = 4; lastKnownFileType = text; path = LICENSE_jsonmodel.txt; sourceTree = "<group>"; };
		9238F87C1927E5870020F176 /* FITGetInvolvedViewController.h */ = {isa = PBXFileReference; fileEncoding = 4; lastKnownFileType = sourcecode.c.h; path = FITGetInvolvedViewController.h; sourceTree = "<group>"; };
		9238F87D1927E5870020F176 /* FITGetInvolvedViewController.m */ = {isa = PBXFileReference; fileEncoding = 4; lastKnownFileType = sourcecode.c.objc; path = FITGetInvolvedViewController.m; sourceTree = "<group>"; };
		9238F87F1927E62A0020F176 /* FITEventsViewController.h */ = {isa = PBXFileReference; fileEncoding = 4; lastKnownFileType = sourcecode.c.h; path = FITEventsViewController.h; sourceTree = "<group>"; };
		9238F8801927E62A0020F176 /* FITEventsViewController.m */ = {isa = PBXFileReference; fileEncoding = 4; lastKnownFileType = sourcecode.c.objc; path = FITEventsViewController.m; sourceTree = "<group>"; };
/* End PBXFileReference section */

/* Begin PBXFrameworksBuildPhase section */
		9238F80B1927DDE10020F176 /* Frameworks */ = {
			isa = PBXFrameworksBuildPhase;
			buildActionMask = 2147483647;
			files = (
				75EA547D1928C0EF001F3011 /* CoreLocation.framework in Frameworks */,
				75EA547B1928C0D1001F3011 /* MapKit.framework in Frameworks */,
				7514F52F1927F82200A6C3CE /* EventKit.framework in Frameworks */,
				9238F8141927DDE10020F176 /* CoreGraphics.framework in Frameworks */,
				9238F8161927DDE10020F176 /* UIKit.framework in Frameworks */,
				9238F8121927DDE10020F176 /* Foundation.framework in Frameworks */,
			);
			runOnlyForDeploymentPostprocessing = 0;
		};
		9238F82F1927DDE10020F176 /* Frameworks */ = {
			isa = PBXFrameworksBuildPhase;
			buildActionMask = 2147483647;
			files = (
				9238F8341927DDE10020F176 /* XCTest.framework in Frameworks */,
				9238F8361927DDE10020F176 /* UIKit.framework in Frameworks */,
				9238F8351927DDE10020F176 /* Foundation.framework in Frameworks */,
			);
			runOnlyForDeploymentPostprocessing = 0;
		};
/* End PBXFrameworksBuildPhase section */

/* Begin PBXGroup section */
		7546F68219281F0500BFEF41 /* Resources */ = {
			isa = PBXGroup;
			children = (
				75AFFB911928ABBC00A2B690 /* iosicon.png */,
				75AFFB8F1928A96F00A2B690 /* icon.png */,
				75AFFB6519285E8900A2B690 /* hand-heart.png */,
				7546F68319281F0500BFEF41 /* Images */,
			);
			name = Resources;
			path = ../Resources;
			sourceTree = "<group>";
		};
		7546F68319281F0500BFEF41 /* Images */ = {
			isa = PBXGroup;
			children = (
				75B13D7919292AA3008358B3 /* ThisLocation.png */,
				75AFFB871928A27500A2B690 /* frontpagelogo.png */,
				75AFFB691928613D00A2B690 /* Hand.png */,
				75AFFB6F192867D100A2B690 /* Ecommerce-Gift.png */,
				75AFFB7319286A2000A2B690 /* info-2-5ME.png */,
				75AFFB6319285C0200A2B690 /* hands.png */,
				75AFFB60192859CF00A2B690 /* pushpinIcon.xcf */,
				75AFFB6119285AAF00A2B690 /* pushpin.png */,
				75AFFB5E1928556C00A2B690 /* pushpin.png */,
				75AFFB5A19283FF200A2B690 /* Background_Tile.png */,
				7546F68419281F0500BFEF41 /* Banner.png */,
				7546F68519281F0500BFEF41 /* butterfly.png */,
				7546F68619281F0500BFEF41 /* family_hug.jpg */,
				7546F68719281F0500BFEF41 /* Family_Place_Project.png */,
				7546F68819281F0500BFEF41 /* Gift_Home.png */,
				75AFFB6B1928634E00A2B690 /* pushpinTHISONE.png */,
				75AFFB891928A76400A2B690 /* smallest.png */,
				75AFFB8D1928A77300A2B690 /* largest.png */,
				75AFFB8B1928A76C00A2B690 /* medium.png */,
				7546F68919281F0500BFEF41 /* I_Am_One_Event.png */,
			);
			path = Images;
			sourceTree = "<group>";
		};
		75AFFB5C1928425A00A2B690 /* Events */ = {
			isa = PBXGroup;
			children = (
			);
			name = Events;
			sourceTree = "<group>";
		};
		75AFFB5D19284B1200A2B690 /* Volunteer */ = {
			isa = PBXGroup;
			children = (
				7546F69419281F5200BFEF41 /* FITVolunteerViewController.m */,
				75AFFB59192837AC00A2B690 /* FITVolunteerViewController.h */,
			);
			name = Volunteer;
			sourceTree = "<group>";
		};
		75EA547E1928C1A8001F3011 /* Locate */ = {
			isa = PBXGroup;
			children = (
				75EA54821928C633001F3011 /* FITLocateViewController.h */,
				75EA54831928C633001F3011 /* FITLocateViewController.m */,
				75EA548B1928F291001F3011 /* FITLocationData.h */,
				75EA548C1928F291001F3011 /* FITLocationData.m */,
			);
			name = Locate;
			sourceTree = "<group>";
		};
		9238F8051927DDE10020F176 = {
			isa = PBXGroup;
			children = (
				7546F68219281F0500BFEF41 /* Resources */,
				9238F8521927E31F0020F176 /* JSONModel */,
				9238F8171927DDE10020F176 /* TakeTwo */,
				9238F8391927DDE10020F176 /* TakeTwoTests */,
				9238F8101927DDE10020F176 /* Frameworks */,
				9238F80F1927DDE10020F176 /* Products */,
			);
			sourceTree = "<group>";
		};
		9238F80F1927DDE10020F176 /* Products */ = {
			isa = PBXGroup;
			children = (
				9238F80E1927DDE10020F176 /* TakeTwo.app */,
				9238F8321927DDE10020F176 /* TakeTwoTests.xctest */,
			);
			name = Products;
			sourceTree = "<group>";
		};
		9238F8101927DDE10020F176 /* Frameworks */ = {
			isa = PBXGroup;
			children = (
				75EA547C1928C0EF001F3011 /* CoreLocation.framework */,
				75EA547A1928C0D1001F3011 /* MapKit.framework */,
				7514F52E1927F82200A6C3CE /* EventKit.framework */,
				9238F8111927DDE10020F176 /* Foundation.framework */,
				9238F8131927DDE10020F176 /* CoreGraphics.framework */,
				9238F8151927DDE10020F176 /* UIKit.framework */,
				9238F8331927DDE10020F176 /* XCTest.framework */,
			);
			name = Frameworks;
			sourceTree = "<group>";
		};
		9238F8171927DDE10020F176 /* TakeTwo */ = {
			isa = PBXGroup;
			children = (
				75EA54921929033C001F3011 /* give.html */,
				75EA547E1928C1A8001F3011 /* Locate */,
				75AFFB5D19284B1200A2B690 /* Volunteer */,
				75AFFB5C1928425A00A2B690 /* Events */,
				7546F69019281F5200BFEF41 /* aboutUs.html */,
				7546F69119281F5200BFEF41 /* FITSecondViewController.h */,
				7546F69219281F5200BFEF41 /* FITSecondViewController.m */,
				7546F69519281F5200BFEF41 /* style.css */,
				7546F69619281F5200BFEF41 /* volunteer.html */,
				9238F87B1927E32D0020F176 /* Giving */,
				9238F8201927DDE10020F176 /* FITAppDelegate.h */,
				9238F8211927DDE10020F176 /* FITAppDelegate.m */,
				9238F8231927DDE10020F176 /* Main.storyboard */,
				9238F8261927DDE10020F176 /* FITAboutViewController.h */,
				9238F8271927DDE10020F176 /* FITAboutViewController.m */,
				9238F87C1927E5870020F176 /* FITGetInvolvedViewController.h */,
				9238F87D1927E5870020F176 /* FITGetInvolvedViewController.m */,
				9238F87F1927E62A0020F176 /* FITEventsViewController.h */,
				9238F8801927E62A0020F176 /* FITEventsViewController.m */,
				9238F82C1927DDE10020F176 /* Images.xcassets */,
				9238F8181927DDE10020F176 /* Supporting Files */,
				75EA54881928E28D001F3011 /* FITAnnonation.h */,
				75EA54891928E28D001F3011 /* FITAnnonation.m */,
			);
			path = TakeTwo;
			sourceTree = "<group>";
		};
		9238F8181927DDE10020F176 /* Supporting Files */ = {
			isa = PBXGroup;
			children = (
				9238F8191927DDE10020F176 /* TakeTwo-Info.plist */,
				9238F81A1927DDE10020F176 /* InfoPlist.strings */,
				9238F81D1927DDE10020F176 /* main.m */,
				9238F81F1927DDE10020F176 /* TakeTwo-Prefix.pch */,
			);
			name = "Supporting Files";
			sourceTree = "<group>";
		};
		9238F8391927DDE10020F176 /* TakeTwoTests */ = {
			isa = PBXGroup;
			children = (
				9238F83F1927DDE10020F176 /* TakeTwoTests.m */,
				9238F83A1927DDE10020F176 /* Supporting Files */,
			);
			path = TakeTwoTests;
			sourceTree = "<group>";
		};
		9238F83A1927DDE10020F176 /* Supporting Files */ = {
			isa = PBXGroup;
			children = (
				9238F83B1927DDE10020F176 /* TakeTwoTests-Info.plist */,
				9238F83C1927DDE10020F176 /* InfoPlist.strings */,
			);
			name = "Supporting Files";
			sourceTree = "<group>";
		};
		9238F8521927E31F0020F176 /* JSONModel */ = {
			isa = PBXGroup;
			children = (
				9238F8531927E31F0020F176 /* JSONModel */,
				9238F85E1927E31F0020F176 /* JSONModelCategories */,
				9238F8611927E31F0020F176 /* JSONModelLib.h */,
				9238F8621927E31F0020F176 /* JSONModelNetworking */,
				9238F8691927E31F0020F176 /* JSONModelTransformations */,
				9238F86E1927E31F0020F176 /* LICENSE_jsonmodel.txt */,
			);
			path = JSONModel;
			sourceTree = "<group>";
		};
		9238F8531927E31F0020F176 /* JSONModel */ = {
			isa = PBXGroup;
			children = (
				9238F8541927E31F0020F176 /* JSONModel+CoreData.h */,
				9238F8551927E31F0020F176 /* JSONModel+CoreData.m */,
				9238F8561927E31F0020F176 /* JSONModel.h */,
				9238F8571927E31F0020F176 /* JSONModel.m */,
				9238F8581927E31F0020F176 /* JSONModelArray.h */,
				9238F8591927E31F0020F176 /* JSONModelArray.m */,
				9238F85A1927E31F0020F176 /* JSONModelClassProperty.h */,
				9238F85B1927E31F0020F176 /* JSONModelClassProperty.m */,
				9238F85C1927E31F0020F176 /* JSONModelError.h */,
				9238F85D1927E31F0020F176 /* JSONModelError.m */,
			);
			path = JSONModel;
			sourceTree = "<group>";
		};
		9238F85E1927E31F0020F176 /* JSONModelCategories */ = {
			isa = PBXGroup;
			children = (
				9238F85F1927E31F0020F176 /* NSArray+JSONModel.h */,
				9238F8601927E31F0020F176 /* NSArray+JSONModel.m */,
			);
			path = JSONModelCategories;
			sourceTree = "<group>";
		};
		9238F8621927E31F0020F176 /* JSONModelNetworking */ = {
			isa = PBXGroup;
			children = (
				9238F8631927E31F0020F176 /* JSONAPI.h */,
				9238F8641927E31F0020F176 /* JSONAPI.m */,
				9238F8651927E31F0020F176 /* JSONHTTPClient.h */,
				9238F8661927E31F0020F176 /* JSONHTTPClient.m */,
				9238F8671927E31F0020F176 /* JSONModel+networking.h */,
				9238F8681927E31F0020F176 /* JSONModel+networking.m */,
			);
			path = JSONModelNetworking;
			sourceTree = "<group>";
		};
		9238F8691927E31F0020F176 /* JSONModelTransformations */ = {
			isa = PBXGroup;
			children = (
				9238F86A1927E31F0020F176 /* JSONKeyMapper.h */,
				9238F86B1927E31F0020F176 /* JSONKeyMapper.m */,
				9238F86C1927E31F0020F176 /* JSONValueTransformer.h */,
				9238F86D1927E31F0020F176 /* JSONValueTransformer.m */,
			);
			path = JSONModelTransformations;
			sourceTree = "<group>";
		};
		9238F87B1927E32D0020F176 /* Giving */ = {
			isa = PBXGroup;
			children = (
				75AFFB751928764300A2B690 /* FITCategory.h */,
				75AFFB761928764300A2B690 /* FITCategory.m */,
				75AFFB771928764300A2B690 /* FITDonationItemModel.h */,
				75AFFB781928764300A2B690 /* FITDonationItemModel.m */,
				75AFFB791928764300A2B690 /* FITGivingModel.h */,
				75AFFB7A1928764300A2B690 /* FITGivingModel.m */,
				75AFFB7B1928764300A2B690 /* FITGivingViewController.h */,
				75AFFB7C1928764300A2B690 /* FITGivingViewController.m */,
				75AFFB7D1928764300A2B690 /* FITLocationModel.h */,
				75AFFB7E1928764300A2B690 /* FITLocationModel.m */,
				75AFFB7F1928764300A2B690 /* PlaceAnnotation.h */,
				75AFFB801928764300A2B690 /* PlaceAnnotation.m */,
			);
			name = Giving;
			sourceTree = "<group>";
		};
/* End PBXGroup section */

/* Begin PBXNativeTarget section */
		9238F80D1927DDE10020F176 /* TakeTwo */ = {
			isa = PBXNativeTarget;
			buildConfigurationList = 9238F8431927DDE10020F176 /* Build configuration list for PBXNativeTarget "TakeTwo" */;
			buildPhases = (
				9238F80A1927DDE10020F176 /* Sources */,
				9238F80B1927DDE10020F176 /* Frameworks */,
				9238F80C1927DDE10020F176 /* Resources */,
			);
			buildRules = (
			);
			dependencies = (
			);
			name = TakeTwo;
			productName = TakeTwo;
			productReference = 9238F80E1927DDE10020F176 /* TakeTwo.app */;
			productType = "com.apple.product-type.application";
		};
		9238F8311927DDE10020F176 /* TakeTwoTests */ = {
			isa = PBXNativeTarget;
			buildConfigurationList = 9238F8461927DDE10020F176 /* Build configuration list for PBXNativeTarget "TakeTwoTests" */;
			buildPhases = (
				9238F82E1927DDE10020F176 /* Sources */,
				9238F82F1927DDE10020F176 /* Frameworks */,
				9238F8301927DDE10020F176 /* Resources */,
			);
			buildRules = (
			);
			dependencies = (
				9238F8381927DDE10020F176 /* PBXTargetDependency */,
			);
			name = TakeTwoTests;
			productName = TakeTwoTests;
			productReference = 9238F8321927DDE10020F176 /* TakeTwoTests.xctest */;
			productType = "com.apple.product-type.bundle.unit-test";
		};
/* End PBXNativeTarget section */

/* Begin PBXProject section */
		9238F8061927DDE10020F176 /* Project object */ = {
			isa = PBXProject;
			attributes = {
				CLASSPREFIX = FIT;
				LastUpgradeCheck = 0510;
				ORGANIZATIONNAME = "Families In Transition";
				TargetAttributes = {
					9238F80D1927DDE10020F176 = {
						DevelopmentTeam = 5MZDR8X5N4;
					};
					9238F8311927DDE10020F176 = {
						TestTargetID = 9238F80D1927DDE10020F176;
					};
				};
			};
			buildConfigurationList = 9238F8091927DDE10020F176 /* Build configuration list for PBXProject "TakeTwo" */;
			compatibilityVersion = "Xcode 3.2";
			developmentRegion = English;
			hasScannedForEncodings = 0;
			knownRegions = (
				en,
				Base,
			);
			mainGroup = 9238F8051927DDE10020F176;
			productRefGroup = 9238F80F1927DDE10020F176 /* Products */;
			projectDirPath = "";
			projectRoot = "";
			targets = (
				9238F80D1927DDE10020F176 /* TakeTwo */,
				9238F8311927DDE10020F176 /* TakeTwoTests */,
			);
		};
/* End PBXProject section */

/* Begin PBXResourcesBuildPhase section */
		9238F80C1927DDE10020F176 /* Resources */ = {
			isa = PBXResourcesBuildPhase;
			buildActionMask = 2147483647;
			files = (
				75AFFB901928A96F00A2B690 /* icon.png in Resources */,
				75AFFB8E1928A77300A2B690 /* largest.png in Resources */,
				75AFFB881928A27500A2B690 /* frontpagelogo.png in Resources */,
				75AFFB8C1928A76C00A2B690 /* medium.png in Resources */,
				9238F87A1927E31F0020F176 /* LICENSE_jsonmodel.txt in Resources */,
				7546F69A19281F5200BFEF41 /* style.css in Resources */,
				9238F82D1927DDE10020F176 /* Images.xcassets in Resources */,
				7546F68A19281F0500BFEF41 /* Banner.png in Resources */,
				75B13D7A19292AA3008358B3 /* ThisLocation.png in Resources */,
				7546F69719281F5200BFEF41 /* aboutUs.html in Resources */,
				75AFFB6219285AAF00A2B690 /* pushpin.png in Resources */,
				75AFFB7419286A2000A2B690 /* info-2-5ME.png in Resources */,
				9238F81C1927DDE10020F176 /* InfoPlist.strings in Resources */,
				7546F68C19281F0500BFEF41 /* family_hug.jpg in Resources */,
				75AFFB5F1928556C00A2B690 /* pushpin.png in Resources */,
				75AFFB6619285E8900A2B690 /* hand-heart.png in Resources */,
				75AFFB8A1928A76400A2B690 /* smallest.png in Resources */,
				75AFFB6C1928634E00A2B690 /* pushpinTHISONE.png in Resources */,
				75AFFB6A1928613D00A2B690 /* Hand.png in Resources */,
				75AFFB5B19283FF200A2B690 /* Background_Tile.png in Resources */,
				7546F68F19281F0500BFEF41 /* I_Am_One_Event.png in Resources */,
				9238F8251927DDE10020F176 /* Main.storyboard in Resources */,
				7546F68E19281F0500BFEF41 /* Gift_Home.png in Resources */,
				7546F68B19281F0500BFEF41 /* butterfly.png in Resources */,
				75AFFB70192867D100A2B690 /* Ecommerce-Gift.png in Resources */,
				75EA54931929033C001F3011 /* give.html in Resources */,
				7546F68D19281F0500BFEF41 /* Family_Place_Project.png in Resources */,
				75AFFB6419285C0200A2B690 /* hands.png in Resources */,
				75AFFB921928ABBC00A2B690 /* iosicon.png in Resources */,
				7546F69B19281F5200BFEF41 /* volunteer.html in Resources */,
			);
			runOnlyForDeploymentPostprocessing = 0;
		};
		9238F8301927DDE10020F176 /* Resources */ = {
			isa = PBXResourcesBuildPhase;
			buildActionMask = 2147483647;
			files = (
				9238F83E1927DDE10020F176 /* InfoPlist.strings in Resources */,
			);
			runOnlyForDeploymentPostprocessing = 0;
		};
/* End PBXResourcesBuildPhase section */

/* Begin PBXSourcesBuildPhase section */
		9238F80A1927DDE10020F176 /* Sources */ = {
			isa = PBXSourcesBuildPhase;
			buildActionMask = 2147483647;
			files = (
				75EA548D1928F291001F3011 /* FITLocationData.m in Sources */,
				75AFFB821928764300A2B690 /* FITDonationItemModel.m in Sources */,
				9238F8761927E31F0020F176 /* JSONHTTPClient.m in Sources */,
				9238F8751927E31F0020F176 /* JSONAPI.m in Sources */,
				9238F8731927E31F0020F176 /* JSONModelError.m in Sources */,
				9238F86F1927E31F0020F176 /* JSONModel+CoreData.m in Sources */,
				7546F69919281F5200BFEF41 /* FITVolunteerViewController.m in Sources */,
				9238F8221927DDE10020F176 /* FITAppDelegate.m in Sources */,
				7546F69819281F5200BFEF41 /* FITSecondViewController.m in Sources */,
				9238F8721927E31F0020F176 /* JSONModelClassProperty.m in Sources */,
				9238F8741927E31F0020F176 /* NSArray+JSONModel.m in Sources */,
				75EA548A1928E28D001F3011 /* FITAnnonation.m in Sources */,
				9238F8281927DDE10020F176 /* FITAboutViewController.m in Sources */,
				9238F87E1927E5870020F176 /* FITGetInvolvedViewController.m in Sources */,
				75AFFB831928764300A2B690 /* FITGivingModel.m in Sources */,
				9238F8711927E31F0020F176 /* JSONModelArray.m in Sources */,
				75AFFB841928764300A2B690 /* FITGivingViewController.m in Sources */,
				75AFFB811928764300A2B690 /* FITCategory.m in Sources */,
				9238F8791927E31F0020F176 /* JSONValueTransformer.m in Sources */,
				9238F8781927E31F0020F176 /* JSONKeyMapper.m in Sources */,
				9238F8701927E31F0020F176 /* JSONModel.m in Sources */,
				9238F81E1927DDE10020F176 /* main.m in Sources */,
				75AFFB861928764300A2B690 /* PlaceAnnotation.m in Sources */,
				9238F8771927E31F0020F176 /* JSONModel+networking.m in Sources */,
				75AFFB851928764300A2B690 /* FITLocationModel.m in Sources */,
				75EA54841928C633001F3011 /* FITLocateViewController.m in Sources */,
				9238F8811927E62A0020F176 /* FITEventsViewController.m in Sources */,
			);
			runOnlyForDeploymentPostprocessing = 0;
		};
		9238F82E1927DDE10020F176 /* Sources */ = {
			isa = PBXSourcesBuildPhase;
			buildActionMask = 2147483647;
			files = (
				9238F8401927DDE10020F176 /* TakeTwoTests.m in Sources */,
			);
			runOnlyForDeploymentPostprocessing = 0;
		};
/* End PBXSourcesBuildPhase section */

/* Begin PBXTargetDependency section */
		9238F8381927DDE10020F176 /* PBXTargetDependency */ = {
			isa = PBXTargetDependency;
			target = 9238F80D1927DDE10020F176 /* TakeTwo */;
			targetProxy = 9238F8371927DDE10020F176 /* PBXContainerItemProxy */;
		};
/* End PBXTargetDependency section */

/* Begin PBXVariantGroup section */
		9238F81A1927DDE10020F176 /* InfoPlist.strings */ = {
			isa = PBXVariantGroup;
			children = (
				9238F81B1927DDE10020F176 /* en */,
			);
			name = InfoPlist.strings;
			sourceTree = "<group>";
		};
		9238F8231927DDE10020F176 /* Main.storyboard */ = {
			isa = PBXVariantGroup;
			children = (
				9238F8241927DDE10020F176 /* Base */,
			);
			name = Main.storyboard;
			sourceTree = "<group>";
		};
		9238F83C1927DDE10020F176 /* InfoPlist.strings */ = {
			isa = PBXVariantGroup;
			children = (
				9238F83D1927DDE10020F176 /* en */,
			);
			name = InfoPlist.strings;
			sourceTree = "<group>";
		};
/* End PBXVariantGroup section */

/* Begin XCBuildConfiguration section */
		9238F8411927DDE10020F176 /* Debug */ = {
			isa = XCBuildConfiguration;
			buildSettings = {
				ALWAYS_SEARCH_USER_PATHS = NO;
				CLANG_CXX_LANGUAGE_STANDARD = "gnu++0x";
				CLANG_CXX_LIBRARY = "libc++";
				CLANG_ENABLE_MODULES = YES;
				CLANG_ENABLE_OBJC_ARC = YES;
				CLANG_WARN_BOOL_CONVERSION = YES;
				CLANG_WARN_CONSTANT_CONVERSION = YES;
				CLANG_WARN_DIRECT_OBJC_ISA_USAGE = YES_ERROR;
				CLANG_WARN_EMPTY_BODY = YES;
				CLANG_WARN_ENUM_CONVERSION = YES;
				CLANG_WARN_INT_CONVERSION = YES;
				CLANG_WARN_OBJC_ROOT_CLASS = YES_ERROR;
				CLANG_WARN__DUPLICATE_METHOD_MATCH = YES;
				"CODE_SIGN_IDENTITY[sdk=iphoneos*]" = "iPhone Developer";
				COPY_PHASE_STRIP = NO;
				GCC_C_LANGUAGE_STANDARD = gnu99;
				GCC_DYNAMIC_NO_PIC = NO;
				GCC_OPTIMIZATION_LEVEL = 0;
				GCC_PREPROCESSOR_DEFINITIONS = (
					"DEBUG=1",
					"$(inherited)",
				);
				GCC_SYMBOLS_PRIVATE_EXTERN = NO;
				GCC_WARN_64_TO_32_BIT_CONVERSION = YES;
				GCC_WARN_ABOUT_RETURN_TYPE = YES_ERROR;
				GCC_WARN_UNDECLARED_SELECTOR = YES;
				GCC_WARN_UNINITIALIZED_AUTOS = YES_AGGRESSIVE;
				GCC_WARN_UNUSED_FUNCTION = YES;
				GCC_WARN_UNUSED_VARIABLE = YES;
				IPHONEOS_DEPLOYMENT_TARGET = 7.1;
				ONLY_ACTIVE_ARCH = YES;
				SDKROOT = iphoneos;
			};
			name = Debug;
		};
		9238F8421927DDE10020F176 /* Release */ = {
			isa = XCBuildConfiguration;
			buildSettings = {
				ALWAYS_SEARCH_USER_PATHS = NO;
				CLANG_CXX_LANGUAGE_STANDARD = "gnu++0x";
				CLANG_CXX_LIBRARY = "libc++";
				CLANG_ENABLE_MODULES = YES;
				CLANG_ENABLE_OBJC_ARC = YES;
				CLANG_WARN_BOOL_CONVERSION = YES;
				CLANG_WARN_CONSTANT_CONVERSION = YES;
				CLANG_WARN_DIRECT_OBJC_ISA_USAGE = YES_ERROR;
				CLANG_WARN_EMPTY_BODY = YES;
				CLANG_WARN_ENUM_CONVERSION = YES;
				CLANG_WARN_INT_CONVERSION = YES;
				CLANG_WARN_OBJC_ROOT_CLASS = YES_ERROR;
				CLANG_WARN__DUPLICATE_METHOD_MATCH = YES;
				"CODE_SIGN_IDENTITY[sdk=iphoneos*]" = "iPhone Developer";
				COPY_PHASE_STRIP = YES;
				ENABLE_NS_ASSERTIONS = NO;
				GCC_C_LANGUAGE_STANDARD = gnu99;
				GCC_WARN_64_TO_32_BIT_CONVERSION = YES;
				GCC_WARN_ABOUT_RETURN_TYPE = YES_ERROR;
				GCC_WARN_UNDECLARED_SELECTOR = YES;
				GCC_WARN_UNINITIALIZED_AUTOS = YES_AGGRESSIVE;
				GCC_WARN_UNUSED_FUNCTION = YES;
				GCC_WARN_UNUSED_VARIABLE = YES;
				IPHONEOS_DEPLOYMENT_TARGET = 7.1;
				SDKROOT = iphoneos;
				VALIDATE_PRODUCT = YES;
			};
			name = Release;
		};
		9238F8441927DDE10020F176 /* Debug */ = {
			isa = XCBuildConfiguration;
			buildSettings = {
				ASSETCATALOG_COMPILER_APPICON_NAME = AppIcon;
				ASSETCATALOG_COMPILER_LAUNCHIMAGE_NAME = LaunchImage;
				CODE_SIGN_IDENTITY = "iPhone Developer";
				"CODE_SIGN_IDENTITY[sdk=iphoneos*]" = "iPhone Developer";
				GCC_PRECOMPILE_PREFIX_HEADER = YES;
				GCC_PREFIX_HEADER = "TakeTwo/TakeTwo-Prefix.pch";
				INFOPLIST_FILE = "TakeTwo/TakeTwo-Info.plist";
				PRODUCT_NAME = "$(TARGET_NAME)";
				PROVISIONING_PROFILE = "";
				WRAPPER_EXTENSION = app;
			};
			name = Debug;
		};
		9238F8451927DDE10020F176 /* Release */ = {
			isa = XCBuildConfiguration;
			buildSettings = {
				ASSETCATALOG_COMPILER_APPICON_NAME = AppIcon;
				ASSETCATALOG_COMPILER_LAUNCHIMAGE_NAME = LaunchImage;
				CODE_SIGN_IDENTITY = "iPhone Developer";
				"CODE_SIGN_IDENTITY[sdk=iphoneos*]" = "iPhone Developer";
				GCC_PRECOMPILE_PREFIX_HEADER = YES;
				GCC_PREFIX_HEADER = "TakeTwo/TakeTwo-Prefix.pch";
				INFOPLIST_FILE = "TakeTwo/TakeTwo-Info.plist";
				PRODUCT_NAME = "$(TARGET_NAME)";
				PROVISIONING_PROFILE = "";
				WRAPPER_EXTENSION = app;
			};
			name = Release;
		};
		9238F8471927DDE10020F176 /* Debug */ = {
			isa = XCBuildConfiguration;
			buildSettings = {
				BUNDLE_LOADER = "$(BUILT_PRODUCTS_DIR)/TakeTwo.app/TakeTwo";
				FRAMEWORK_SEARCH_PATHS = (
					"$(SDKROOT)/Developer/Library/Frameworks",
					"$(inherited)",
					"$(DEVELOPER_FRAMEWORKS_DIR)",
				);
				GCC_PRECOMPILE_PREFIX_HEADER = YES;
				GCC_PREFIX_HEADER = "TakeTwo/TakeTwo-Prefix.pch";
				GCC_PREPROCESSOR_DEFINITIONS = (
					"DEBUG=1",
					"$(inherited)",
				);
				INFOPLIST_FILE = "TakeTwoTests/TakeTwoTests-Info.plist";
				PRODUCT_NAME = "$(TARGET_NAME)";
				TEST_HOST = "$(BUNDLE_LOADER)";
				WRAPPER_EXTENSION = xctest;
			};
			name = Debug;
		};
		9238F8481927DDE10020F176 /* Release */ = {
			isa = XCBuildConfiguration;
			buildSettings = {
				BUNDLE_LOADER = "$(BUILT_PRODUCTS_DIR)/TakeTwo.app/TakeTwo";
				FRAMEWORK_SEARCH_PATHS = (
					"$(SDKROOT)/Developer/Library/Frameworks",
					"$(inherited)",
					"$(DEVELOPER_FRAMEWORKS_DIR)",
				);
				GCC_PRECOMPILE_PREFIX_HEADER = YES;
				GCC_PREFIX_HEADER = "TakeTwo/TakeTwo-Prefix.pch";
				INFOPLIST_FILE = "TakeTwoTests/TakeTwoTests-Info.plist";
				PRODUCT_NAME = "$(TARGET_NAME)";
				TEST_HOST = "$(BUNDLE_LOADER)";
				WRAPPER_EXTENSION = xctest;
			};
			name = Release;
		};
/* End XCBuildConfiguration section */

/* Begin XCConfigurationList section */
		9238F8091927DDE10020F176 /* Build configuration list for PBXProject "TakeTwo" */ = {
			isa = XCConfigurationList;
			buildConfigurations = (
				9238F8411927DDE10020F176 /* Debug */,
				9238F8421927DDE10020F176 /* Release */,
			);
			defaultConfigurationIsVisible = 0;
			defaultConfigurationName = Release;
		};
		9238F8431927DDE10020F176 /* Build configuration list for PBXNativeTarget "TakeTwo" */ = {
			isa = XCConfigurationList;
			buildConfigurations = (
				9238F8441927DDE10020F176 /* Debug */,
				9238F8451927DDE10020F176 /* Release */,
			);
			defaultConfigurationIsVisible = 0;
			defaultConfigurationName = Release;
		};
		9238F8461927DDE10020F176 /* Build configuration list for PBXNativeTarget "TakeTwoTests" */ = {
			isa = XCConfigurationList;
			buildConfigurations = (
				9238F8471927DDE10020F176 /* Debug */,
				9238F8481927DDE10020F176 /* Release */,
			);
			defaultConfigurationIsVisible = 0;
			defaultConfigurationName = Release;
		};
/* End XCConfigurationList section */
	};
	rootObject = 9238F8061927DDE10020F176 /* Project object */;
}
