// !$*UTF8*$!
{
	archiveVersion = 1;
	classes = {
	};
	objectVersion = 46;
	objects = {

/* Begin PBXBuildFile section */
		3BB193231927D0F80023ED51 /* Main.storyboard in Resources */ = {isa = PBXBuildFile; fileRef = 3BB193221927D0F80023ED51 /* Main.storyboard */; };
		3BB1932C1927D1EC0023ED51 /* Banner.png in Resources */ = {isa = PBXBuildFile; fileRef = 3BB193261927D1EC0023ED51 /* Banner.png */; };
		3BB1932D1927D1EC0023ED51 /* butterfly.png in Resources */ = {isa = PBXBuildFile; fileRef = 3BB193271927D1EC0023ED51 /* butterfly.png */; };
		3BB1932E1927D1EC0023ED51 /* family_hug.jpg in Resources */ = {isa = PBXBuildFile; fileRef = 3BB193281927D1EC0023ED51 /* family_hug.jpg */; };
		3BB1932F1927D1EC0023ED51 /* Family_Place_Project.png in Resources */ = {isa = PBXBuildFile; fileRef = 3BB193291927D1EC0023ED51 /* Family_Place_Project.png */; };
		3BB193301927D1EC0023ED51 /* Gift_Home.png in Resources */ = {isa = PBXBuildFile; fileRef = 3BB1932A1927D1EC0023ED51 /* Gift_Home.png */; };
		3BB193311927D1EC0023ED51 /* I_Am_One_Event.png in Resources */ = {isa = PBXBuildFile; fileRef = 3BB1932B1927D1EC0023ED51 /* I_Am_One_Event.png */; };
		922F933519277DF1006A6FFB /* Foundation.framework in Frameworks */ = {isa = PBXBuildFile; fileRef = 922F933419277DF1006A6FFB /* Foundation.framework */; };
		922F933719277DF1006A6FFB /* CoreGraphics.framework in Frameworks */ = {isa = PBXBuildFile; fileRef = 922F933619277DF1006A6FFB /* CoreGraphics.framework */; };
		922F933919277DF1006A6FFB /* UIKit.framework in Frameworks */ = {isa = PBXBuildFile; fileRef = 922F933819277DF1006A6FFB /* UIKit.framework */; };
		922F933F19277DF1006A6FFB /* InfoPlist.strings in Resources */ = {isa = PBXBuildFile; fileRef = 922F933D19277DF1006A6FFB /* InfoPlist.strings */; };
		922F934119277DF1006A6FFB /* main.m in Sources */ = {isa = PBXBuildFile; fileRef = 922F934019277DF1006A6FFB /* main.m */; };
		922F934519277DF1006A6FFB /* FITAppDelegate.m in Sources */ = {isa = PBXBuildFile; fileRef = 922F934419277DF1006A6FFB /* FITAppDelegate.m */; };
		922F934719277DF1006A6FFB /* Images.xcassets in Resources */ = {isa = PBXBuildFile; fileRef = 922F934619277DF1006A6FFB /* Images.xcassets */; };
		922F934E19277DF1006A6FFB /* XCTest.framework in Frameworks */ = {isa = PBXBuildFile; fileRef = 922F934D19277DF1006A6FFB /* XCTest.framework */; };
		922F934F19277DF1006A6FFB /* Foundation.framework in Frameworks */ = {isa = PBXBuildFile; fileRef = 922F933419277DF1006A6FFB /* Foundation.framework */; };
		922F935019277DF1006A6FFB /* UIKit.framework in Frameworks */ = {isa = PBXBuildFile; fileRef = 922F933819277DF1006A6FFB /* UIKit.framework */; };
		922F935819277DF1006A6FFB /* InfoPlist.strings in Resources */ = {isa = PBXBuildFile; fileRef = 922F935619277DF1006A6FFB /* InfoPlist.strings */; };
		922F935A19277DF1006A6FFB /* PlaceholderTests.m in Sources */ = {isa = PBXBuildFile; fileRef = 922F935919277DF1006A6FFB /* PlaceholderTests.m */; };
		922F9364192782C9006A6FFB /* SystemConfiguration.framework in Frameworks */ = {isa = PBXBuildFile; fileRef = 922F9363192782C9006A6FFB /* SystemConfiguration.framework */; };
		922F9382192783A7006A6FFB /* JSONModel+CoreData.m in Sources */ = {isa = PBXBuildFile; fileRef = 922F9369192783A7006A6FFB /* JSONModel+CoreData.m */; };
		922F9383192783A7006A6FFB /* JSONModel.m in Sources */ = {isa = PBXBuildFile; fileRef = 922F936B192783A7006A6FFB /* JSONModel.m */; };
		922F9384192783A7006A6FFB /* JSONModelArray.m in Sources */ = {isa = PBXBuildFile; fileRef = 922F936D192783A7006A6FFB /* JSONModelArray.m */; };
		922F9385192783A7006A6FFB /* JSONModelClassProperty.m in Sources */ = {isa = PBXBuildFile; fileRef = 922F936F192783A7006A6FFB /* JSONModelClassProperty.m */; };
		922F9386192783A7006A6FFB /* JSONModelError.m in Sources */ = {isa = PBXBuildFile; fileRef = 922F9371192783A7006A6FFB /* JSONModelError.m */; };
		922F9387192783A7006A6FFB /* NSArray+JSONModel.m in Sources */ = {isa = PBXBuildFile; fileRef = 922F9374192783A7006A6FFB /* NSArray+JSONModel.m */; };
		922F9388192783A7006A6FFB /* JSONAPI.m in Sources */ = {isa = PBXBuildFile; fileRef = 922F9378192783A7006A6FFB /* JSONAPI.m */; };
		922F9389192783A7006A6FFB /* JSONHTTPClient.m in Sources */ = {isa = PBXBuildFile; fileRef = 922F937A192783A7006A6FFB /* JSONHTTPClient.m */; };
		922F938A192783A7006A6FFB /* JSONModel+networking.m in Sources */ = {isa = PBXBuildFile; fileRef = 922F937C192783A7006A6FFB /* JSONModel+networking.m */; };
		922F938B192783A7006A6FFB /* JSONKeyMapper.m in Sources */ = {isa = PBXBuildFile; fileRef = 922F937F192783A7006A6FFB /* JSONKeyMapper.m */; };
		922F938C192783A7006A6FFB /* JSONValueTransformer.m in Sources */ = {isa = PBXBuildFile; fileRef = 922F9381192783A7006A6FFB /* JSONValueTransformer.m */; };
		922F939119278410006A6FFB /* LICENSE_jsonmodel.txt in Resources */ = {isa = PBXBuildFile; fileRef = 922F939019278410006A6FFB /* LICENSE_jsonmodel.txt */; };
		922F93B71927BD10006A6FFB /* FITGivingViewController.m in Sources */ = {isa = PBXBuildFile; fileRef = 922F93B61927BD10006A6FFB /* FITGivingViewController.m */; };
		922F93BA1927BD26006A6FFB /* FITGivingModel.m in Sources */ = {isa = PBXBuildFile; fileRef = 922F93B91927BD26006A6FFB /* FITGivingModel.m */; };
		922F93BD1927BD31006A6FFB /* FITCategoryModel.m in Sources */ = {isa = PBXBuildFile; fileRef = 922F93BC1927BD31006A6FFB /* FITCategoryModel.m */; };
/* End PBXBuildFile section */

/* Begin PBXContainerItemProxy section */
		922F935119277DF1006A6FFB /* PBXContainerItemProxy */ = {
			isa = PBXContainerItemProxy;
			containerPortal = 922F932919277DF1006A6FFB /* Project object */;
			proxyType = 1;
			remoteGlobalIDString = 922F933019277DF1006A6FFB;
			remoteInfo = Placeholder;
		};
/* End PBXContainerItemProxy section */

/* Begin PBXFileReference section */
		3BB193221927D0F80023ED51 /* Main.storyboard */ = {isa = PBXFileReference; fileEncoding = 4; lastKnownFileType = file.storyboard; path = Main.storyboard; sourceTree = "<group>"; };
		3BB193261927D1EC0023ED51 /* Banner.png */ = {isa = PBXFileReference; lastKnownFileType = image.png; path = Banner.png; sourceTree = "<group>"; };
		3BB193271927D1EC0023ED51 /* butterfly.png */ = {isa = PBXFileReference; lastKnownFileType = image.png; path = butterfly.png; sourceTree = "<group>"; };
		3BB193281927D1EC0023ED51 /* family_hug.jpg */ = {isa = PBXFileReference; lastKnownFileType = image.jpeg; path = family_hug.jpg; sourceTree = "<group>"; };
		3BB193291927D1EC0023ED51 /* Family_Place_Project.png */ = {isa = PBXFileReference; lastKnownFileType = image.png; path = Family_Place_Project.png; sourceTree = "<group>"; };
		3BB1932A1927D1EC0023ED51 /* Gift_Home.png */ = {isa = PBXFileReference; lastKnownFileType = image.png; path = Gift_Home.png; sourceTree = "<group>"; };
		3BB1932B1927D1EC0023ED51 /* I_Am_One_Event.png */ = {isa = PBXFileReference; lastKnownFileType = image.png; path = I_Am_One_Event.png; sourceTree = "<group>"; };
		922F933119277DF1006A6FFB /* Placeholder.app */ = {isa = PBXFileReference; explicitFileType = wrapper.application; includeInIndex = 0; path = Placeholder.app; sourceTree = BUILT_PRODUCTS_DIR; };
		922F933419277DF1006A6FFB /* Foundation.framework */ = {isa = PBXFileReference; lastKnownFileType = wrapper.framework; name = Foundation.framework; path = System/Library/Frameworks/Foundation.framework; sourceTree = SDKROOT; };
		922F933619277DF1006A6FFB /* CoreGraphics.framework */ = {isa = PBXFileReference; lastKnownFileType = wrapper.framework; name = CoreGraphics.framework; path = System/Library/Frameworks/CoreGraphics.framework; sourceTree = SDKROOT; };
		922F933819277DF1006A6FFB /* UIKit.framework */ = {isa = PBXFileReference; lastKnownFileType = wrapper.framework; name = UIKit.framework; path = System/Library/Frameworks/UIKit.framework; sourceTree = SDKROOT; };
		922F933C19277DF1006A6FFB /* Placeholder-Info.plist */ = {isa = PBXFileReference; lastKnownFileType = text.plist.xml; path = "Placeholder-Info.plist"; sourceTree = "<group>"; };
		922F933E19277DF1006A6FFB /* en */ = {isa = PBXFileReference; lastKnownFileType = text.plist.strings; name = en; path = en.lproj/InfoPlist.strings; sourceTree = "<group>"; };
		922F934019277DF1006A6FFB /* main.m */ = {isa = PBXFileReference; lastKnownFileType = sourcecode.c.objc; path = main.m; sourceTree = "<group>"; };
		922F934219277DF1006A6FFB /* Placeholder-Prefix.pch */ = {isa = PBXFileReference; lastKnownFileType = sourcecode.c.h; path = "Placeholder-Prefix.pch"; sourceTree = "<group>"; };
		922F934319277DF1006A6FFB /* FITAppDelegate.h */ = {isa = PBXFileReference; lastKnownFileType = sourcecode.c.h; path = FITAppDelegate.h; sourceTree = "<group>"; };
		922F934419277DF1006A6FFB /* FITAppDelegate.m */ = {isa = PBXFileReference; lastKnownFileType = sourcecode.c.objc; path = FITAppDelegate.m; sourceTree = "<group>"; };
		922F934619277DF1006A6FFB /* Images.xcassets */ = {isa = PBXFileReference; lastKnownFileType = folder.assetcatalog; path = Images.xcassets; sourceTree = "<group>"; };
		922F934C19277DF1006A6FFB /* PlaceholderTests.xctest */ = {isa = PBXFileReference; explicitFileType = wrapper.cfbundle; includeInIndex = 0; path = PlaceholderTests.xctest; sourceTree = BUILT_PRODUCTS_DIR; };
		922F934D19277DF1006A6FFB /* XCTest.framework */ = {isa = PBXFileReference; lastKnownFileType = wrapper.framework; name = XCTest.framework; path = Library/Frameworks/XCTest.framework; sourceTree = DEVELOPER_DIR; };
		922F935519277DF1006A6FFB /* PlaceholderTests-Info.plist */ = {isa = PBXFileReference; lastKnownFileType = text.plist.xml; path = "PlaceholderTests-Info.plist"; sourceTree = "<group>"; };
		922F935719277DF1006A6FFB /* en */ = {isa = PBXFileReference; lastKnownFileType = text.plist.strings; name = en; path = en.lproj/InfoPlist.strings; sourceTree = "<group>"; };
		922F935919277DF1006A6FFB /* PlaceholderTests.m */ = {isa = PBXFileReference; lastKnownFileType = sourcecode.c.objc; path = PlaceholderTests.m; sourceTree = "<group>"; };
		922F9363192782C9006A6FFB /* SystemConfiguration.framework */ = {isa = PBXFileReference; lastKnownFileType = wrapper.framework; name = SystemConfiguration.framework; path = System/Library/Frameworks/SystemConfiguration.framework; sourceTree = SDKROOT; };
		922F9368192783A7006A6FFB /* JSONModel+CoreData.h */ = {isa = PBXFileReference; fileEncoding = 4; lastKnownFileType = sourcecode.c.h; path = "JSONModel+CoreData.h"; sourceTree = "<group>"; };
		922F9369192783A7006A6FFB /* JSONModel+CoreData.m */ = {isa = PBXFileReference; fileEncoding = 4; lastKnownFileType = sourcecode.c.objc; path = "JSONModel+CoreData.m"; sourceTree = "<group>"; };
		922F936A192783A7006A6FFB /* JSONModel.h */ = {isa = PBXFileReference; fileEncoding = 4; lastKnownFileType = sourcecode.c.h; path = JSONModel.h; sourceTree = "<group>"; };
		922F936B192783A7006A6FFB /* JSONModel.m */ = {isa = PBXFileReference; fileEncoding = 4; lastKnownFileType = sourcecode.c.objc; path = JSONModel.m; sourceTree = "<group>"; };
		922F936C192783A7006A6FFB /* JSONModelArray.h */ = {isa = PBXFileReference; fileEncoding = 4; lastKnownFileType = sourcecode.c.h; path = JSONModelArray.h; sourceTree = "<group>"; };
		922F936D192783A7006A6FFB /* JSONModelArray.m */ = {isa = PBXFileReference; fileEncoding = 4; lastKnownFileType = sourcecode.c.objc; path = JSONModelArray.m; sourceTree = "<group>"; };
		922F936E192783A7006A6FFB /* JSONModelClassProperty.h */ = {isa = PBXFileReference; fileEncoding = 4; lastKnownFileType = sourcecode.c.h; path = JSONModelClassProperty.h; sourceTree = "<group>"; };
		922F936F192783A7006A6FFB /* JSONModelClassProperty.m */ = {isa = PBXFileReference; fileEncoding = 4; lastKnownFileType = sourcecode.c.objc; path = JSONModelClassProperty.m; sourceTree = "<group>"; };
		922F9370192783A7006A6FFB /* JSONModelError.h */ = {isa = PBXFileReference; fileEncoding = 4; lastKnownFileType = sourcecode.c.h; path = JSONModelError.h; sourceTree = "<group>"; };
		922F9371192783A7006A6FFB /* JSONModelError.m */ = {isa = PBXFileReference; fileEncoding = 4; lastKnownFileType = sourcecode.c.objc; path = JSONModelError.m; sourceTree = "<group>"; };
		922F9373192783A7006A6FFB /* NSArray+JSONModel.h */ = {isa = PBXFileReference; fileEncoding = 4; lastKnownFileType = sourcecode.c.h; path = "NSArray+JSONModel.h"; sourceTree = "<group>"; };
		922F9374192783A7006A6FFB /* NSArray+JSONModel.m */ = {isa = PBXFileReference; fileEncoding = 4; lastKnownFileType = sourcecode.c.objc; path = "NSArray+JSONModel.m"; sourceTree = "<group>"; };
		922F9375192783A7006A6FFB /* JSONModelLib.h */ = {isa = PBXFileReference; fileEncoding = 4; lastKnownFileType = sourcecode.c.h; path = JSONModelLib.h; sourceTree = "<group>"; };
		922F9377192783A7006A6FFB /* JSONAPI.h */ = {isa = PBXFileReference; fileEncoding = 4; lastKnownFileType = sourcecode.c.h; path = JSONAPI.h; sourceTree = "<group>"; };
		922F9378192783A7006A6FFB /* JSONAPI.m */ = {isa = PBXFileReference; fileEncoding = 4; lastKnownFileType = sourcecode.c.objc; path = JSONAPI.m; sourceTree = "<group>"; };
		922F9379192783A7006A6FFB /* JSONHTTPClient.h */ = {isa = PBXFileReference; fileEncoding = 4; lastKnownFileType = sourcecode.c.h; path = JSONHTTPClient.h; sourceTree = "<group>"; };
		922F937A192783A7006A6FFB /* JSONHTTPClient.m */ = {isa = PBXFileReference; fileEncoding = 4; lastKnownFileType = sourcecode.c.objc; path = JSONHTTPClient.m; sourceTree = "<group>"; };
		922F937B192783A7006A6FFB /* JSONModel+networking.h */ = {isa = PBXFileReference; fileEncoding = 4; lastKnownFileType = sourcecode.c.h; path = "JSONModel+networking.h"; sourceTree = "<group>"; };
		922F937C192783A7006A6FFB /* JSONModel+networking.m */ = {isa = PBXFileReference; fileEncoding = 4; lastKnownFileType = sourcecode.c.objc; path = "JSONModel+networking.m"; sourceTree = "<group>"; };
		922F937E192783A7006A6FFB /* JSONKeyMapper.h */ = {isa = PBXFileReference; fileEncoding = 4; lastKnownFileType = sourcecode.c.h; path = JSONKeyMapper.h; sourceTree = "<group>"; };
		922F937F192783A7006A6FFB /* JSONKeyMapper.m */ = {isa = PBXFileReference; fileEncoding = 4; lastKnownFileType = sourcecode.c.objc; path = JSONKeyMapper.m; sourceTree = "<group>"; };
		922F9380192783A7006A6FFB /* JSONValueTransformer.h */ = {isa = PBXFileReference; fileEncoding = 4; lastKnownFileType = sourcecode.c.h; path = JSONValueTransformer.h; sourceTree = "<group>"; };
		922F9381192783A7006A6FFB /* JSONValueTransformer.m */ = {isa = PBXFileReference; fileEncoding = 4; lastKnownFileType = sourcecode.c.objc; path = JSONValueTransformer.m; sourceTree = "<group>"; };
		922F939019278410006A6FFB /* LICENSE_jsonmodel.txt */ = {isa = PBXFileReference; fileEncoding = 4; lastKnownFileType = text; path = LICENSE_jsonmodel.txt; sourceTree = "<group>"; };
		922F93B51927BD10006A6FFB /* FITGivingViewController.h */ = {isa = PBXFileReference; fileEncoding = 4; lastKnownFileType = sourcecode.c.h; path = FITGivingViewController.h; sourceTree = "<group>"; };
		922F93B61927BD10006A6FFB /* FITGivingViewController.m */ = {isa = PBXFileReference; fileEncoding = 4; lastKnownFileType = sourcecode.c.objc; path = FITGivingViewController.m; sourceTree = "<group>"; };
		922F93B81927BD26006A6FFB /* FITGivingModel.h */ = {isa = PBXFileReference; fileEncoding = 4; lastKnownFileType = sourcecode.c.h; path = FITGivingModel.h; sourceTree = "<group>"; };
		922F93B91927BD26006A6FFB /* FITGivingModel.m */ = {isa = PBXFileReference; fileEncoding = 4; lastKnownFileType = sourcecode.c.objc; path = FITGivingModel.m; sourceTree = "<group>"; };
		922F93BB1927BD31006A6FFB /* FITCategoryModel.h */ = {isa = PBXFileReference; fileEncoding = 4; lastKnownFileType = sourcecode.c.h; path = FITCategoryModel.h; sourceTree = "<group>"; };
		922F93BC1927BD31006A6FFB /* FITCategoryModel.m */ = {isa = PBXFileReference; fileEncoding = 4; lastKnownFileType = sourcecode.c.objc; path = FITCategoryModel.m; sourceTree = "<group>"; };
/* End PBXFileReference section */

/* Begin PBXFrameworksBuildPhase section */
		922F932E19277DF1006A6FFB /* Frameworks */ = {
			isa = PBXFrameworksBuildPhase;
			buildActionMask = 2147483647;
			files = (
				922F9364192782C9006A6FFB /* SystemConfiguration.framework in Frameworks */,
				922F933719277DF1006A6FFB /* CoreGraphics.framework in Frameworks */,
				922F933919277DF1006A6FFB /* UIKit.framework in Frameworks */,
				922F933519277DF1006A6FFB /* Foundation.framework in Frameworks */,
			);
			runOnlyForDeploymentPostprocessing = 0;
		};
		922F934919277DF1006A6FFB /* Frameworks */ = {
			isa = PBXFrameworksBuildPhase;
			buildActionMask = 2147483647;
			files = (
				922F934E19277DF1006A6FFB /* XCTest.framework in Frameworks */,
				922F935019277DF1006A6FFB /* UIKit.framework in Frameworks */,
				922F934F19277DF1006A6FFB /* Foundation.framework in Frameworks */,
			);
			runOnlyForDeploymentPostprocessing = 0;
		};
/* End PBXFrameworksBuildPhase section */

/* Begin PBXGroup section */
		3BB193241927D1EC0023ED51 /* Resources */ = {
			isa = PBXGroup;
			children = (
				3BB193251927D1EC0023ED51 /* Images */,
			);
			name = Resources;
			path = ../Resources;
			sourceTree = "<group>";
		};
		3BB193251927D1EC0023ED51 /* Images */ = {
			isa = PBXGroup;
			children = (
				3BB193261927D1EC0023ED51 /* Banner.png */,
				3BB193271927D1EC0023ED51 /* butterfly.png */,
				3BB193281927D1EC0023ED51 /* family_hug.jpg */,
				3BB193291927D1EC0023ED51 /* Family_Place_Project.png */,
				3BB1932A1927D1EC0023ED51 /* Gift_Home.png */,
				3BB1932B1927D1EC0023ED51 /* I_Am_One_Event.png */,
			);
			path = Images;
			sourceTree = "<group>";
		};
		922F932819277DF1006A6FFB = {
			isa = PBXGroup;
			children = (
				3BB193241927D1EC0023ED51 /* Resources */,
				922F9366192783A7006A6FFB /* JSONModel */,
				922F933A19277DF1006A6FFB /* Placeholder */,
				922F935319277DF1006A6FFB /* PlaceholderTests */,
				922F933319277DF1006A6FFB /* Frameworks */,
				922F933219277DF1006A6FFB /* Products */,
			);
			sourceTree = "<group>";
		};
		922F933219277DF1006A6FFB /* Products */ = {
			isa = PBXGroup;
			children = (
				922F933119277DF1006A6FFB /* Placeholder.app */,
				922F934C19277DF1006A6FFB /* PlaceholderTests.xctest */,
			);
			name = Products;
			sourceTree = "<group>";
		};
		922F933319277DF1006A6FFB /* Frameworks */ = {
			isa = PBXGroup;
			children = (
				922F9363192782C9006A6FFB /* SystemConfiguration.framework */,
				922F933419277DF1006A6FFB /* Foundation.framework */,
				922F933619277DF1006A6FFB /* CoreGraphics.framework */,
				922F933819277DF1006A6FFB /* UIKit.framework */,
				922F934D19277DF1006A6FFB /* XCTest.framework */,
			);
			name = Frameworks;
			sourceTree = "<group>";
		};
		922F933A19277DF1006A6FFB /* Placeholder */ = {
			isa = PBXGroup;
			children = (
				3BB193221927D0F80023ED51 /* Main.storyboard */,
				922F93B41927BCE1006A6FFB /* Giving */,
				922F934319277DF1006A6FFB /* FITAppDelegate.h */,
				922F934419277DF1006A6FFB /* FITAppDelegate.m */,
				922F934619277DF1006A6FFB /* Images.xcassets */,
				922F933B19277DF1006A6FFB /* Supporting Files */,
			);
			path = Placeholder;
			sourceTree = "<group>";
		};
		922F933B19277DF1006A6FFB /* Supporting Files */ = {
			isa = PBXGroup;
			children = (
				922F933C19277DF1006A6FFB /* Placeholder-Info.plist */,
				922F933D19277DF1006A6FFB /* InfoPlist.strings */,
				922F934019277DF1006A6FFB /* main.m */,
				922F934219277DF1006A6FFB /* Placeholder-Prefix.pch */,
			);
			name = "Supporting Files";
			sourceTree = "<group>";
		};
		922F935319277DF1006A6FFB /* PlaceholderTests */ = {
			isa = PBXGroup;
			children = (
				922F935919277DF1006A6FFB /* PlaceholderTests.m */,
				922F935419277DF1006A6FFB /* Supporting Files */,
			);
			path = PlaceholderTests;
			sourceTree = "<group>";
		};
		922F935419277DF1006A6FFB /* Supporting Files */ = {
			isa = PBXGroup;
			children = (
				922F935519277DF1006A6FFB /* PlaceholderTests-Info.plist */,
				922F935619277DF1006A6FFB /* InfoPlist.strings */,
			);
			name = "Supporting Files";
			sourceTree = "<group>";
		};
		922F9366192783A7006A6FFB /* JSONModel */ = {
			isa = PBXGroup;
			children = (
				922F939019278410006A6FFB /* LICENSE_jsonmodel.txt */,
				922F9367192783A7006A6FFB /* JSONModel */,
				922F9372192783A7006A6FFB /* JSONModelCategories */,
				922F9375192783A7006A6FFB /* JSONModelLib.h */,
				922F9376192783A7006A6FFB /* JSONModelNetworking */,
				922F937D192783A7006A6FFB /* JSONModelTransformations */,
			);
			path = JSONModel;
			sourceTree = "<group>";
		};
		922F9367192783A7006A6FFB /* JSONModel */ = {
			isa = PBXGroup;
			children = (
				922F9368192783A7006A6FFB /* JSONModel+CoreData.h */,
				922F9369192783A7006A6FFB /* JSONModel+CoreData.m */,
				922F936A192783A7006A6FFB /* JSONModel.h */,
				922F936B192783A7006A6FFB /* JSONModel.m */,
				922F936C192783A7006A6FFB /* JSONModelArray.h */,
				922F936D192783A7006A6FFB /* JSONModelArray.m */,
				922F936E192783A7006A6FFB /* JSONModelClassProperty.h */,
				922F936F192783A7006A6FFB /* JSONModelClassProperty.m */,
				922F9370192783A7006A6FFB /* JSONModelError.h */,
				922F9371192783A7006A6FFB /* JSONModelError.m */,
			);
			path = JSONModel;
			sourceTree = "<group>";
		};
		922F9372192783A7006A6FFB /* JSONModelCategories */ = {
			isa = PBXGroup;
			children = (
				922F9373192783A7006A6FFB /* NSArray+JSONModel.h */,
				922F9374192783A7006A6FFB /* NSArray+JSONModel.m */,
			);
			path = JSONModelCategories;
			sourceTree = "<group>";
		};
		922F9376192783A7006A6FFB /* JSONModelNetworking */ = {
			isa = PBXGroup;
			children = (
				922F9377192783A7006A6FFB /* JSONAPI.h */,
				922F9378192783A7006A6FFB /* JSONAPI.m */,
				922F9379192783A7006A6FFB /* JSONHTTPClient.h */,
				922F937A192783A7006A6FFB /* JSONHTTPClient.m */,
				922F937B192783A7006A6FFB /* JSONModel+networking.h */,
				922F937C192783A7006A6FFB /* JSONModel+networking.m */,
			);
			path = JSONModelNetworking;
			sourceTree = "<group>";
		};
		922F937D192783A7006A6FFB /* JSONModelTransformations */ = {
			isa = PBXGroup;
			children = (
				922F937E192783A7006A6FFB /* JSONKeyMapper.h */,
				922F937F192783A7006A6FFB /* JSONKeyMapper.m */,
				922F9380192783A7006A6FFB /* JSONValueTransformer.h */,
				922F9381192783A7006A6FFB /* JSONValueTransformer.m */,
			);
			path = JSONModelTransformations;
			sourceTree = "<group>";
		};
		922F93B41927BCE1006A6FFB /* Giving */ = {
			isa = PBXGroup;
			children = (
				922F93B51927BD10006A6FFB /* FITGivingViewController.h */,
				922F93B61927BD10006A6FFB /* FITGivingViewController.m */,
				922F93B81927BD26006A6FFB /* FITGivingModel.h */,
				922F93B91927BD26006A6FFB /* FITGivingModel.m */,
				922F93BB1927BD31006A6FFB /* FITCategoryModel.h */,
				922F93BC1927BD31006A6FFB /* FITCategoryModel.m */,
			);
			name = Giving;
			sourceTree = "<group>";
		};
/* End PBXGroup section */

/* Begin PBXNativeTarget section */
		922F933019277DF1006A6FFB /* Placeholder */ = {
			isa = PBXNativeTarget;
			buildConfigurationList = 922F935D19277DF1006A6FFB /* Build configuration list for PBXNativeTarget "Placeholder" */;
			buildPhases = (
				922F932D19277DF1006A6FFB /* Sources */,
				922F932E19277DF1006A6FFB /* Frameworks */,
				922F932F19277DF1006A6FFB /* Resources */,
			);
			buildRules = (
			);
			dependencies = (
			);
			name = Placeholder;
			productName = Placeholder;
			productReference = 922F933119277DF1006A6FFB /* Placeholder.app */;
			productType = "com.apple.product-type.application";
		};
		922F934B19277DF1006A6FFB /* PlaceholderTests */ = {
			isa = PBXNativeTarget;
			buildConfigurationList = 922F936019277DF1006A6FFB /* Build configuration list for PBXNativeTarget "PlaceholderTests" */;
			buildPhases = (
				922F934819277DF1006A6FFB /* Sources */,
				922F934919277DF1006A6FFB /* Frameworks */,
				922F934A19277DF1006A6FFB /* Resources */,
			);
			buildRules = (
			);
			dependencies = (
				922F935219277DF1006A6FFB /* PBXTargetDependency */,
			);
			name = PlaceholderTests;
			productName = PlaceholderTests;
			productReference = 922F934C19277DF1006A6FFB /* PlaceholderTests.xctest */;
			productType = "com.apple.product-type.bundle.unit-test";
		};
/* End PBXNativeTarget section */

/* Begin PBXProject section */
		922F932919277DF1006A6FFB /* Project object */ = {
			isa = PBXProject;
			attributes = {
				CLASSPREFIX = FIT;
				LastUpgradeCheck = 0510;
				ORGANIZATIONNAME = "Families In Transition";
				TargetAttributes = {
					922F934B19277DF1006A6FFB = {
						TestTargetID = 922F933019277DF1006A6FFB;
					};
				};
			};
			buildConfigurationList = 922F932C19277DF1006A6FFB /* Build configuration list for PBXProject "Placeholder" */;
			compatibilityVersion = "Xcode 3.2";
			developmentRegion = English;
			hasScannedForEncodings = 0;
			knownRegions = (
				en,
			);
			mainGroup = 922F932819277DF1006A6FFB;
			productRefGroup = 922F933219277DF1006A6FFB /* Products */;
			projectDirPath = "";
			projectRoot = "";
			targets = (
				922F933019277DF1006A6FFB /* Placeholder */,
				922F934B19277DF1006A6FFB /* PlaceholderTests */,
			);
		};
/* End PBXProject section */

/* Begin PBXResourcesBuildPhase section */
		922F932F19277DF1006A6FFB /* Resources */ = {
			isa = PBXResourcesBuildPhase;
			buildActionMask = 2147483647;
			files = (
				922F939119278410006A6FFB /* LICENSE_jsonmodel.txt in Resources */,
				922F933F19277DF1006A6FFB /* InfoPlist.strings in Resources */,
				3BB1932C1927D1EC0023ED51 /* Banner.png in Resources */,
				922F934719277DF1006A6FFB /* Images.xcassets in Resources */,
				3BB1932E1927D1EC0023ED51 /* family_hug.jpg in Resources */,
				3BB193311927D1EC0023ED51 /* I_Am_One_Event.png in Resources */,
				3BB193231927D0F80023ED51 /* Main.storyboard in Resources */,
				3BB193301927D1EC0023ED51 /* Gift_Home.png in Resources */,
				3BB1932D1927D1EC0023ED51 /* butterfly.png in Resources */,
				3BB1932F1927D1EC0023ED51 /* Family_Place_Project.png in Resources */,
			);
			runOnlyForDeploymentPostprocessing = 0;
		};
		922F934A19277DF1006A6FFB /* Resources */ = {
			isa = PBXResourcesBuildPhase;
			buildActionMask = 2147483647;
			files = (
				922F935819277DF1006A6FFB /* InfoPlist.strings in Resources */,
			);
			runOnlyForDeploymentPostprocessing = 0;
		};
/* End PBXResourcesBuildPhase section */

/* Begin PBXSourcesBuildPhase section */
		922F932D19277DF1006A6FFB /* Sources */ = {
			isa = PBXSourcesBuildPhase;
			buildActionMask = 2147483647;
			files = (
				922F93B71927BD10006A6FFB /* FITGivingViewController.m in Sources */,
				922F9389192783A7006A6FFB /* JSONHTTPClient.m in Sources */,
				922F9384192783A7006A6FFB /* JSONModelArray.m in Sources */,
				922F9386192783A7006A6FFB /* JSONModelError.m in Sources */,
				922F9388192783A7006A6FFB /* JSONAPI.m in Sources */,
				922F938C192783A7006A6FFB /* JSONValueTransformer.m in Sources */,
				922F934519277DF1006A6FFB /* FITAppDelegate.m in Sources */,
				922F9383192783A7006A6FFB /* JSONModel.m in Sources */,
				922F938B192783A7006A6FFB /* JSONKeyMapper.m in Sources */,
				922F93BA1927BD26006A6FFB /* FITGivingModel.m in Sources */,
				922F938A192783A7006A6FFB /* JSONModel+networking.m in Sources */,
				922F9387192783A7006A6FFB /* NSArray+JSONModel.m in Sources */,
				922F934119277DF1006A6FFB /* main.m in Sources */,
				922F9382192783A7006A6FFB /* JSONModel+CoreData.m in Sources */,
				922F9385192783A7006A6FFB /* JSONModelClassProperty.m in Sources */,
				922F93BD1927BD31006A6FFB /* FITCategoryModel.m in Sources */,
			);
			runOnlyForDeploymentPostprocessing = 0;
		};
		922F934819277DF1006A6FFB /* Sources */ = {
			isa = PBXSourcesBuildPhase;
			buildActionMask = 2147483647;
			files = (
				922F935A19277DF1006A6FFB /* PlaceholderTests.m in Sources */,
			);
			runOnlyForDeploymentPostprocessing = 0;
		};
/* End PBXSourcesBuildPhase section */

/* Begin PBXTargetDependency section */
		922F935219277DF1006A6FFB /* PBXTargetDependency */ = {
			isa = PBXTargetDependency;
			target = 922F933019277DF1006A6FFB /* Placeholder */;
			targetProxy = 922F935119277DF1006A6FFB /* PBXContainerItemProxy */;
		};
/* End PBXTargetDependency section */

/* Begin PBXVariantGroup section */
		922F933D19277DF1006A6FFB /* InfoPlist.strings */ = {
			isa = PBXVariantGroup;
			children = (
				922F933E19277DF1006A6FFB /* en */,
			);
			name = InfoPlist.strings;
			sourceTree = "<group>";
		};
		922F935619277DF1006A6FFB /* InfoPlist.strings */ = {
			isa = PBXVariantGroup;
			children = (
				922F935719277DF1006A6FFB /* en */,
			);
			name = InfoPlist.strings;
			sourceTree = "<group>";
		};
/* End PBXVariantGroup section */

/* Begin XCBuildConfiguration section */
		922F935B19277DF1006A6FFB /* Debug */ = {
			isa = XCBuildConfiguration;
			buildSettings = {
				ALWAYS_SEARCH_USER_PATHS = NO;
				CLANG_CXX_LANGUAGE_STANDARD = "gnu++0x";
				CLANG_CXX_LIBRARY = "libc++";
				CLANG_ENABLE_MODULES = YES;
				CLANG_ENABLE_OBJC_ARC = YES;
				CLANG_WARN_BOOL_CONVERSION = YES;
				CLANG_WARN_CONSTANT_CONVERSION = YES;
				CLANG_WARN_DIRECT_OBJC_ISA_USAGE = YES_ERROR;
				CLANG_WARN_EMPTY_BODY = YES;
				CLANG_WARN_ENUM_CONVERSION = YES;
				CLANG_WARN_INT_CONVERSION = YES;
				CLANG_WARN_OBJC_ROOT_CLASS = YES_ERROR;
				CLANG_WARN__DUPLICATE_METHOD_MATCH = YES;
				"CODE_SIGN_IDENTITY[sdk=iphoneos*]" = "iPhone Developer";
				COPY_PHASE_STRIP = NO;
				GCC_C_LANGUAGE_STANDARD = gnu99;
				GCC_DYNAMIC_NO_PIC = NO;
				GCC_OPTIMIZATION_LEVEL = 0;
				GCC_PREPROCESSOR_DEFINITIONS = (
					"DEBUG=1",
					"$(inherited)",
				);
				GCC_SYMBOLS_PRIVATE_EXTERN = NO;
				GCC_WARN_64_TO_32_BIT_CONVERSION = YES;
				GCC_WARN_ABOUT_RETURN_TYPE = YES_ERROR;
				GCC_WARN_UNDECLARED_SELECTOR = YES;
				GCC_WARN_UNINITIALIZED_AUTOS = YES_AGGRESSIVE;
				GCC_WARN_UNUSED_FUNCTION = YES;
				GCC_WARN_UNUSED_VARIABLE = YES;
				IPHONEOS_DEPLOYMENT_TARGET = 7.1;
				ONLY_ACTIVE_ARCH = YES;
				SDKROOT = iphoneos;
			};
			name = Debug;
		};
		922F935C19277DF1006A6FFB /* Release */ = {
			isa = XCBuildConfiguration;
			buildSettings = {
				ALWAYS_SEARCH_USER_PATHS = NO;
				CLANG_CXX_LANGUAGE_STANDARD = "gnu++0x";
				CLANG_CXX_LIBRARY = "libc++";
				CLANG_ENABLE_MODULES = YES;
				CLANG_ENABLE_OBJC_ARC = YES;
				CLANG_WARN_BOOL_CONVERSION = YES;
				CLANG_WARN_CONSTANT_CONVERSION = YES;
				CLANG_WARN_DIRECT_OBJC_ISA_USAGE = YES_ERROR;
				CLANG_WARN_EMPTY_BODY = YES;
				CLANG_WARN_ENUM_CONVERSION = YES;
				CLANG_WARN_INT_CONVERSION = YES;
				CLANG_WARN_OBJC_ROOT_CLASS = YES_ERROR;
				CLANG_WARN__DUPLICATE_METHOD_MATCH = YES;
				"CODE_SIGN_IDENTITY[sdk=iphoneos*]" = "iPhone Developer";
				COPY_PHASE_STRIP = YES;
				ENABLE_NS_ASSERTIONS = NO;
				GCC_C_LANGUAGE_STANDARD = gnu99;
				GCC_WARN_64_TO_32_BIT_CONVERSION = YES;
				GCC_WARN_ABOUT_RETURN_TYPE = YES_ERROR;
				GCC_WARN_UNDECLARED_SELECTOR = YES;
				GCC_WARN_UNINITIALIZED_AUTOS = YES_AGGRESSIVE;
				GCC_WARN_UNUSED_FUNCTION = YES;
				GCC_WARN_UNUSED_VARIABLE = YES;
				IPHONEOS_DEPLOYMENT_TARGET = 7.1;
				SDKROOT = iphoneos;
				VALIDATE_PRODUCT = YES;
			};
			name = Release;
		};
		922F935E19277DF1006A6FFB /* Debug */ = {
			isa = XCBuildConfiguration;
			buildSettings = {
				ASSETCATALOG_COMPILER_APPICON_NAME = AppIcon;
				ASSETCATALOG_COMPILER_LAUNCHIMAGE_NAME = LaunchImage;
				GCC_PRECOMPILE_PREFIX_HEADER = YES;
				GCC_PREFIX_HEADER = "Placeholder/Placeholder-Prefix.pch";
				INFOPLIST_FILE = "Placeholder/Placeholder-Info.plist";
				PRODUCT_NAME = "$(TARGET_NAME)";
				WRAPPER_EXTENSION = app;
			};
			name = Debug;
		};
		922F935F19277DF1006A6FFB /* Release */ = {
			isa = XCBuildConfiguration;
			buildSettings = {
				ASSETCATALOG_COMPILER_APPICON_NAME = AppIcon;
				ASSETCATALOG_COMPILER_LAUNCHIMAGE_NAME = LaunchImage;
				GCC_PRECOMPILE_PREFIX_HEADER = YES;
				GCC_PREFIX_HEADER = "Placeholder/Placeholder-Prefix.pch";
				INFOPLIST_FILE = "Placeholder/Placeholder-Info.plist";
				PRODUCT_NAME = "$(TARGET_NAME)";
				WRAPPER_EXTENSION = app;
			};
			name = Release;
		};
		922F936119277DF1006A6FFB /* Debug */ = {
			isa = XCBuildConfiguration;
			buildSettings = {
				BUNDLE_LOADER = "$(BUILT_PRODUCTS_DIR)/Placeholder.app/Placeholder";
				FRAMEWORK_SEARCH_PATHS = (
					"$(SDKROOT)/Developer/Library/Frameworks",
					"$(inherited)",
					"$(DEVELOPER_FRAMEWORKS_DIR)",
				);
				GCC_PRECOMPILE_PREFIX_HEADER = YES;
				GCC_PREFIX_HEADER = "Placeholder/Placeholder-Prefix.pch";
				GCC_PREPROCESSOR_DEFINITIONS = (
					"DEBUG=1",
					"$(inherited)",
				);
				INFOPLIST_FILE = "PlaceholderTests/PlaceholderTests-Info.plist";
				PRODUCT_NAME = "$(TARGET_NAME)";
				TEST_HOST = "$(BUNDLE_LOADER)";
				WRAPPER_EXTENSION = xctest;
			};
			name = Debug;
		};
		922F936219277DF1006A6FFB /* Release */ = {
			isa = XCBuildConfiguration;
			buildSettings = {
				BUNDLE_LOADER = "$(BUILT_PRODUCTS_DIR)/Placeholder.app/Placeholder";
				FRAMEWORK_SEARCH_PATHS = (
					"$(SDKROOT)/Developer/Library/Frameworks",
					"$(inherited)",
					"$(DEVELOPER_FRAMEWORKS_DIR)",
				);
				GCC_PRECOMPILE_PREFIX_HEADER = YES;
				GCC_PREFIX_HEADER = "Placeholder/Placeholder-Prefix.pch";
				INFOPLIST_FILE = "PlaceholderTests/PlaceholderTests-Info.plist";
				PRODUCT_NAME = "$(TARGET_NAME)";
				TEST_HOST = "$(BUNDLE_LOADER)";
				WRAPPER_EXTENSION = xctest;
			};
			name = Release;
		};
/* End XCBuildConfiguration section */

/* Begin XCConfigurationList section */
		922F932C19277DF1006A6FFB /* Build configuration list for PBXProject "Placeholder" */ = {
			isa = XCConfigurationList;
			buildConfigurations = (
				922F935B19277DF1006A6FFB /* Debug */,
				922F935C19277DF1006A6FFB /* Release */,
			);
			defaultConfigurationIsVisible = 0;
			defaultConfigurationName = Release;
		};
		922F935D19277DF1006A6FFB /* Build configuration list for PBXNativeTarget "Placeholder" */ = {
			isa = XCConfigurationList;
			buildConfigurations = (
				922F935E19277DF1006A6FFB /* Debug */,
				922F935F19277DF1006A6FFB /* Release */,
			);
			defaultConfigurationIsVisible = 0;
			defaultConfigurationName = Release;
		};
		922F936019277DF1006A6FFB /* Build configuration list for PBXNativeTarget "PlaceholderTests" */ = {
			isa = XCConfigurationList;
			buildConfigurations = (
				922F936119277DF1006A6FFB /* Debug */,
				922F936219277DF1006A6FFB /* Release */,
			);
			defaultConfigurationIsVisible = 0;
			defaultConfigurationName = Release;
		};
/* End XCConfigurationList section */
	};
	rootObject = 922F932919277DF1006A6FFB /* Project object */;
}
